// !$*UTF8*$!
{
	archiveVersion = 1;
	classes = {
	};
	objectVersion = 70;
	objects = {

/* Begin PBXBuildFile section */
		09D1AD9E9E974EE99832C4D0 /* ClipboardRepository.swift in Sources */ = {isa = PBXBuildFile; fileRef = 09D1AD9E9E974EE99832C4CF /* ClipboardRepository.swift */; };
		0BCBD63182E44529B6F7ACC9 /* AppDependencies.swift in Sources */ = {isa = PBXBuildFile; fileRef = 0BCBD63182E44529B6F7ACC8 /* AppDependencies.swift */; };
		11527193B51F40B39A530C1D /* MemoRepository.swift in Sources */ = {isa = PBXBuildFile; fileRef = 11527193B51F40B39A530C1C /* MemoRepository.swift */; };
		1752832F621F4C72961F0FA1 /* AppGroupStorage.swift in Sources */ = {isa = PBXBuildFile; fileRef = 1752832F621F4C72961F0FD4 /* AppGroupStorage.swift */; };
		1C7C6CDBD08940B2BC4EED19 /* ComboList.swift in Sources */ = {isa = PBXBuildFile; fileRef = 1C7C6CDBD08940B2BC4EED1A /* ComboList.swift */; };
		256F32EF1054402BBEBAA072 /* ComboExecutionService.swift in Sources */ = {isa = PBXBuildFile; fileRef = 256F32EF1054402BBEBAA073 /* ComboExecutionService.swift */; };
		34094107944543AB9AC89679 /* ClipboardRepositoryProtocol.swift in Sources */ = {isa = PBXBuildFile; fileRef = 34094107944543AB9AC89678 /* ClipboardRepositoryProtocol.swift */; };
		44AF574FA8316546FCD9F690 /* ComboKeyboardView.swift in Sources */ = {isa = PBXBuildFile; fileRef = 8CCD0BEF080AD63B0DF124A2 /* ComboKeyboardView.swift */; };
		5802F4102A2B3C91002825D6 /* ClipboardList.swift in Sources */ = {isa = PBXBuildFile; fileRef = 5802F40F2A2B3C91002825D6 /* ClipboardList.swift */; };
		5802F4132A2B8E08002825D6 /* ClipboardCaptureCard.swift in Sources */ = {isa = PBXBuildFile; fileRef = 5802F4122A2B8E08002825D6 /* ClipboardCaptureCard.swift */; };
		580B0D692A30C45E00C7B586 /* FontSetting.swift in Sources */ = {isa = PBXBuildFile; fileRef = 580B0D682A30C45E00C7B586 /* FontSetting.swift */; };
		581550602AD52D6800A6115B /* Localizable.xcstrings in Resources */ = {isa = PBXBuildFile; fileRef = 5815505F2AD52D6800A6115B /* Localizable.xcstrings */; };
		581550612AD52D6800A6115C /* Localizable.xcstrings in Resources */ = {isa = PBXBuildFile; fileRef = 5815505F2AD52D6800A6115B /* Localizable.xcstrings */; };
		581550632AD5321F00A6115B /* Constants.swift in Sources */ = {isa = PBXBuildFile; fileRef = 581550622AD5321F00A6115B /* Constants.swift */; };
		581550642AD5321F00A6115B /* Constants.swift in Sources */ = {isa = PBXBuildFile; fileRef = 581550622AD5321F00A6115B /* Constants.swift */; };
		581D8A952F49B4DD00F2F032 /* ProFeatureManager.swift in Sources */ = {isa = PBXBuildFile; fileRef = 581D8A932F49B4DD00F2F032 /* ProFeatureManager.swift */; };
		581D8A962F49B4DD00F2F032 /* StoreManager.swift in Sources */ = {isa = PBXBuildFile; fileRef = 581D8A942F49B4DD00F2F032 /* StoreManager.swift */; };
		581D8A972F49B4DD00F2F032 /* ProFeatureManager.swift in Sources */ = {isa = PBXBuildFile; fileRef = 581D8A932F49B4DD00F2F032 /* ProFeatureManager.swift */; };
		581D8A982F49B4DD00F2F032 /* StoreManager.swift in Sources */ = {isa = PBXBuildFile; fileRef = 581D8A942F49B4DD00F2F032 /* StoreManager.swift */; };
		581D8A9A2F49B4E900F2F032 /* PaywallView.swift in Sources */ = {isa = PBXBuildFile; fileRef = 581D8A992F49B4E900F2F032 /* PaywallView.swift */; };
		581D8A9C2F49E85000F2F032 /* StoreKit.framework in Frameworks */ = {isa = PBXBuildFile; fileRef = 581D8A9B2F49E85000F2F032 /* StoreKit.framework */; };
		58338FD62AD1A574002DC753 /* Assets.xcassets in Resources */ = {isa = PBXBuildFile; fileRef = 58C4733F2A109F0E009D87BC /* Assets.xcassets */; };
		585FE9772ACC62A5003A7FF9 /* KeyboardView.swift in Sources */ = {isa = PBXBuildFile; fileRef = 585FE9762ACC62A5003A7FF9 /* KeyboardView.swift */; };
		587381EE2F2A66120042ECA4 /* KeyboardLayoutSettings.swift in Sources */ = {isa = PBXBuildFile; fileRef = 587381ED2F2A66120042ECA4 /* KeyboardLayoutSettings.swift */; };
		587382A42F2B7EBD0042ECA4 /* ReviewManager.swift in Sources */ = {isa = PBXBuildFile; fileRef = 587382A32F2B7EBD0042ECA4 /* ReviewManager.swift */; };
		587382B12F3B8AAD0042ECA4 /* FavoriteNudgeManager.swift in Sources */ = {isa = PBXBuildFile; fileRef = 587382B02F3B8AAD0042ECA4 /* FavoriteNudgeManager.swift */; };
		587384852F2E7AD40042ECA4 /* WidgetKit.framework in Frameworks */ = {isa = PBXBuildFile; fileRef = 587384842F2E7AD40042ECA4 /* WidgetKit.framework */; };
		587384872F2E7AD40042ECA4 /* SwiftUI.framework in Frameworks */ = {isa = PBXBuildFile; fileRef = 587384862F2E7AD40042ECA4 /* SwiftUI.framework */; };
		587384982F2E7AD50042ECA4 /* widgetExtension.appex in Embed Foundation Extensions */ = {isa = PBXBuildFile; fileRef = 587384822F2E7AD40042ECA4 /* widgetExtension.appex */; settings = {ATTRIBUTES = (RemoveHeadersOnCopy, ); }; };
		587B7CE22A264F6400455338 /* CollectionViewCell.swift in Sources */ = {isa = PBXBuildFile; fileRef = 587B7CE12A264F6400455338 /* CollectionViewCell.swift */; };
		587BDC4E2A1D0D40001464E4 /* KeyboardViewController.swift in Sources */ = {isa = PBXBuildFile; fileRef = 587BDC4D2A1D0D40001464E4 /* KeyboardViewController.swift */; };
		587BDC522A1D0D40001464E4 /* ClipKeyboardExtension.appex in Embed Foundation Extensions */ = {isa = PBXBuildFile; fileRef = 587BDC4B2A1D0D40001464E4 /* ClipKeyboardExtension.appex */; settings = {ATTRIBUTES = (RemoveHeadersOnCopy, ); }; };
		587BDC582A1FC852001464E4 /* MemoStore.swift in Sources */ = {isa = PBXBuildFile; fileRef = 58F8FBC02A13C9A400F5446E /* MemoStore.swift */; };
		587BDC592A1FC8BB001464E4 /* Memo.swift in Sources */ = {isa = PBXBuildFile; fileRef = 58F8FBBE2A127D3C00F5446E /* Memo.swift */; };
		58A7F1D52F9E52B300636B7B /* GoogleService-Info.plist in Resources */ = {isa = PBXBuildFile; fileRef = 58A7F1D42F9E52B300636B7B /* GoogleService-Info.plist */; };
		58A7F1D62F9E52B300636B7B /* GoogleService-Info.plist in Resources */ = {isa = PBXBuildFile; fileRef = 58A7F1D42F9E52B300636B7B /* GoogleService-Info.plist */; };
		58AA11112B4D1A2100000004 /* ThemeSettings.swift in Sources */ = {isa = PBXBuildFile; fileRef = 58AA11112B4D1A2100000003 /* ThemeSettings.swift */; };
		58AA11112B4D1A2100000006 /* ColorExtension.swift in Sources */ = {isa = PBXBuildFile; fileRef = 58AA11112B4D1A2100000005 /* ColorExtension.swift */; };
		58C4733C2A109F0D009D87BC /* ClipKeyboardApp.swift in Sources */ = {isa = PBXBuildFile; fileRef = 58C4733B2A109F0D009D87BC /* ClipKeyboardApp.swift */; };
		58C473402A109F0E009D87BC /* Assets.xcassets in Resources */ = {isa = PBXBuildFile; fileRef = 58C4733F2A109F0E009D87BC /* Assets.xcassets */; };
		58C473432A109F0E009D87BC /* Preview Assets.xcassets in Resources */ = {isa = PBXBuildFile; fileRef = 58C473422A109F0E009D87BC /* Preview Assets.xcassets */; };
		58C473692A10C9A0009D87BC /* ClipKeyboardList.swift in Sources */ = {isa = PBXBuildFile; fileRef = 58C473682A10C9A0009D87BC /* ClipKeyboardList.swift */; };
		58C7ACB52A2CF1A3003F791F /* SettingView.swift in Sources */ = {isa = PBXBuildFile; fileRef = 58C7ACB42A2CF1A3003F791F /* SettingView.swift */; };
		58CC36AC2F9E6A880010DE3E /* FirebaseAnalytics in Frameworks */ = {isa = PBXBuildFile; productRef = 58CC36AB2F9E6A880010DE3E /* FirebaseAnalytics */; };
		58CC36AE2F9E6A880010DE3E /* FirebaseAnalyticsCore in Frameworks */ = {isa = PBXBuildFile; productRef = 58CC36AD2F9E6A880010DE3E /* FirebaseAnalyticsCore */; };
		58CC36B02F9E6A880010DE3E /* FirebaseAnalyticsIdentitySupport in Frameworks */ = {isa = PBXBuildFile; productRef = 58CC36AF2F9E6A880010DE3E /* FirebaseAnalyticsIdentitySupport */; };
		58CC36B22F9E6A880010DE3E /* FirebaseCore in Frameworks */ = {isa = PBXBuildFile; productRef = 58CC36B12F9E6A880010DE3E /* FirebaseCore */; };
		58CK00012B5E1A2100000001 /* CloudKitBackupService.swift in Sources */ = {isa = PBXBuildFile; fileRef = 58CK00002B5E1A2100000001 /* CloudKitBackupService.swift */; };
		58CK00032B5E1A2100000002 /* CloudBackupView.swift in Sources */ = {isa = PBXBuildFile; fileRef = 58CK00022B5E1A2100000002 /* CloudBackupView.swift */; };
		58CK00052B5E1A2100000004 /* NotificationExtension.swift in Sources */ = {isa = PBXBuildFile; fileRef = 58CK00042B5E1A2100000004 /* NotificationExtension.swift */; };
		58CK00072B5E1A2100000005 /* MenuBarManager.swift in Sources */ = {isa = PBXBuildFile; fileRef = 58CK00062B5E1A2100000005 /* MenuBarManager.swift */; };
		58CK00092B5E1A2100000006 /* GlobalHotkeyManager.swift in Sources */ = {isa = PBXBuildFile; fileRef = 58CK00082B5E1A2100000006 /* GlobalHotkeyManager.swift */; };
		58D9D52E2A3B23900086BE1A /* DataManager.swift in Sources */ = {isa = PBXBuildFile; fileRef = 58D9D52D2A3B23900086BE1A /* DataManager.swift */; };
		58DS00012F0000000000000001 /* AppTheme.swift in Sources */ = {isa = PBXBuildFile; fileRef = 58DS00022F0000000000000002 /* AppTheme.swift */; };
		58DS00032F0000000000000003 /* AppThemePreference.swift in Sources */ = {isa = PBXBuildFile; fileRef = 58DS00042F0000000000000004 /* AppThemePreference.swift */; };
		58DS00052F0000000000000005 /* CatIcon.swift in Sources */ = {isa = PBXBuildFile; fileRef = 58DS00062F0000000000000006 /* CatIcon.swift */; };
		58DS00072F0000000000000007 /* ClipChip.swift in Sources */ = {isa = PBXBuildFile; fileRef = 58DS00082F0000000000000008 /* ClipChip.swift */; };
		58DS00092F0000000000000009 /* ClipFAB.swift in Sources */ = {isa = PBXBuildFile; fileRef = 58DS000A2F000000000000000A /* ClipFAB.swift */; };
		58DS000B2F000000000000000B /* ClipIconButton.swift in Sources */ = {isa = PBXBuildFile; fileRef = 58DS000C2F000000000000000C /* ClipIconButton.swift */; };
		58DS000D2F000000000000000D /* ClipSearchField.swift in Sources */ = {isa = PBXBuildFile; fileRef = 58DS000E2F000000000000000E /* ClipSearchField.swift */; };
		58DS000F2F000000000000000F /* ClipSectionHeader.swift in Sources */ = {isa = PBXBuildFile; fileRef = 58DS00102F0000000000000010 /* ClipSectionHeader.swift */; };
		58DS00132F0000000000000013 /* TagBadge.swift in Sources */ = {isa = PBXBuildFile; fileRef = 58DS00142F0000000000000014 /* TagBadge.swift */; };
		58F8FBBD2A127B3000F5446E /* MemoAdd.swift in Sources */ = {isa = PBXBuildFile; fileRef = 58F8FBBC2A127B3000F5446E /* MemoAdd.swift */; };
		0D09EE54F35B63F09270E522 /* BulkImportView.swift in Sources */ = {isa = PBXBuildFile; fileRef = 616238CD1282F3D06FC7E369 /* BulkImportView.swift */; };
		58F8FBBF2A127D3C00F5446E /* Memo.swift in Sources */ = {isa = PBXBuildFile; fileRef = 58F8FBBE2A127D3C00F5446E /* Memo.swift */; };
		58F8FBC12A13C9A400F5446E /* MemoStore.swift in Sources */ = {isa = PBXBuildFile; fileRef = 58F8FBC02A13C9A400F5446E /* MemoStore.swift */; };
		58GB00012F0000000000000001 /* GraceQuotaBannerView.swift in Sources */ = {isa = PBXBuildFile; fileRef = 58GB00022F0000000000000002 /* GraceQuotaBannerView.swift */; };
		58KS00012B6F1B3200000001 /* KeyboardSetupOnboardingView.swift in Sources */ = {isa = PBXBuildFile; fileRef = 58KS00002B6F1B3200000001 /* KeyboardSetupOnboardingView.swift */; };
		58MA00012F0000000000000001 /* MacAppIntroView.swift in Sources */ = {isa = PBXBuildFile; fileRef = 58MA00022F0000000000000002 /* MacAppIntroView.swift */; };
		58MP00012F0000000000000001 /* MemoPreviewFormatter.swift in Sources */ = {isa = PBXBuildFile; fileRef = 58MP00022F0000000000000002 /* MemoPreviewFormatter.swift */; };
		58PS00022B5E1A2100000002 /* ProStatusManager.swift in Sources */ = {isa = PBXBuildFile; fileRef = 58PS00012B5E1A2100000001 /* ProStatusManager.swift */; };
		58PS00032B5E1A2100000003 /* ProStatusManager.swift in Sources */ = {isa = PBXBuildFile; fileRef = 58PS00012B5E1A2100000001 /* ProStatusManager.swift */; };
		58SV00032F9A1B0100000003 /* ClipboardClassificationService.swift in Sources */ = {isa = PBXBuildFile; fileRef = 58SV00012F9A1B0100000001 /* ClipboardClassificationService.swift */; };
		58SV00042F9A1B0100000004 /* ClipboardClassificationService.swift in Sources */ = {isa = PBXBuildFile; fileRef = 58SV00012F9A1B0100000001 /* ClipboardClassificationService.swift */; };
		58SV00052F9A1B0100000005 /* OCRService.swift in Sources */ = {isa = PBXBuildFile; fileRef = 58SV00022F9A1B0100000002 /* OCRService.swift */; };
		58TP00012F0000000000000001 /* ThemePickerView.swift in Sources */ = {isa = PBXBuildFile; fileRef = 58TP00022F0000000000000002 /* ThemePickerView.swift */; };
		58TV00012F0000000000000001 /* TemplateVariableProcessor.swift in Sources */ = {isa = PBXBuildFile; fileRef = 58TV00022F0000000000000002 /* TemplateVariableProcessor.swift */; };
		58TV00032F0000000000000003 /* TemplateVariableProcessor.swift in Sources */ = {isa = PBXBuildFile; fileRef = 58TV00022F0000000000000002 /* TemplateVariableProcessor.swift */; };
		5EB5872F8FEC49A1BAF729E4 /* ComboRepositoryProtocol.swift in Sources */ = {isa = PBXBuildFile; fileRef = 5EB5872F8FEC49A1BAF729E3 /* ComboRepositoryProtocol.swift */; };
		71169FEF7AFE438A9D148359 /* SaveMemoUseCase.swift in Sources */ = {isa = PBXBuildFile; fileRef = 71169FEF7AFE438A9D148358 /* SaveMemoUseCase.swift */; };
		72CAAA55032A5A2612281DD1 /* ComboItemPickerView.swift in Sources */ = {isa = PBXBuildFile; fileRef = 8978C793D337415F46663BCA /* ComboItemPickerView.swift */; };
		82DB8CDD2D0F443CAE408631 /* MemoRepositoryProtocol.swift in Sources */ = {isa = PBXBuildFile; fileRef = 82DB8CDD2D0F443CAE408630 /* MemoRepositoryProtocol.swift */; };
		8359E806AD334EBE9AD02EED /* ClassifyClipboardUseCase.swift in Sources */ = {isa = PBXBuildFile; fileRef = 8359E806AD334EBE9AD02EEC /* ClassifyClipboardUseCase.swift */; };
		9C994B032EEAA81500FBC8F6 /* MemoRowView.swift in Sources */ = {isa = PBXBuildFile; fileRef = 9C994B022EEAA81500FBC8F6 /* MemoRowView.swift */; };
		9C994B082EEAA87600FBC8F6 /* TemplateEditSheet.swift in Sources */ = {isa = PBXBuildFile; fileRef = 9C994B072EEAA87600FBC8F6 /* TemplateEditSheet.swift */; };
		9C994B0A2EEAA8BF00FBC8F6 /* PlaceholderSelectorView.swift in Sources */ = {isa = PBXBuildFile; fileRef = 9C994B092EEAA8BF00FBC8F6 /* PlaceholderSelectorView.swift */; };
		A167A2509A17EB507E7F67B3 /* ComboExecutionService.swift in Sources */ = {isa = PBXBuildFile; fileRef = 256F32EF1054402BBEBAA073 /* ComboExecutionService.swift */; };
		A2BA33458AA645918E1CDF85 /* ComboRepository.swift in Sources */ = {isa = PBXBuildFile; fileRef = A2BA33458AA645918E1CDF84 /* ComboRepository.swift */; };
		AA00000200000001F3B00001 /* ReviewRequestView.swift in Sources */ = {isa = PBXBuildFile; fileRef = AA00000100000001F3B00001 /* ReviewRequestView.swift */; };
		AA00000400000001F3B00001 /* ReviewBannerView.swift in Sources */ = {isa = PBXBuildFile; fileRef = AA00000300000001F3B00001 /* ReviewBannerView.swift */; };
		AA00000500000001F3B00002 /* UsageGuideView.swift in Sources */ = {isa = PBXBuildFile; fileRef = AA00000600000001F3B00002 /* UsageGuideView.swift */; };
		AA00000700000001F3B00003 /* AppTheme.swift in Sources */ = {isa = PBXBuildFile; fileRef = 58DS00022F0000000000000002 /* AppTheme.swift */; };
		AA00000800000001F3B00003 /* ColorExtension.swift in Sources */ = {isa = PBXBuildFile; fileRef = 58AA11112B4D1A2100000005 /* ColorExtension.swift */; };
		AA00001000000001F3B00004 /* HangulComposer.swift in Sources */ = {isa = PBXBuildFile; fileRef = AA00001100000001F3B00004 /* HangulComposer.swift */; };
		29BE4575384D68C69FCFB9A1 /* KeyboardBeacon.swift in Sources */ = {isa = PBXBuildFile; fileRef = F2732597E9C8A36A1E875CD5 /* KeyboardBeacon.swift */; };
		0A839CB4770AA10B52CBAA72 /* KeyboardDocumentState.swift in Sources */ = {isa = PBXBuildFile; fileRef = 845C19F2833D49C436124BAC /* KeyboardDocumentState.swift */; };
		AA00001200000001F3B00004 /* TypingKeyboardView.swift in Sources */ = {isa = PBXBuildFile; fileRef = AA00001300000001F3B00004 /* TypingKeyboardView.swift */; };
		AA00001400000001F3B00005 /* CheonjiinInput.swift in Sources */ = {isa = PBXBuildFile; fileRef = AA00001500000001F3B00005 /* CheonjiinInput.swift */; };
		AA00001600000001F3B00006 /* AnalyticsService.swift in Sources */ = {isa = PBXBuildFile; fileRef = AA00001700000001F3B00006 /* AnalyticsService.swift */; };
		098CCF4F4398A71308DC9B95 /* CategoryStore.swift in Sources */ = {isa = PBXBuildFile; fileRef = F027CAC56EBC7FE2DD9F9D78 /* CategoryStore.swift */; };
		AA00001800000001F3B00007 /* AnalyticsService.swift in Sources */ = {isa = PBXBuildFile; fileRef = AA00001700000001F3B00006 /* AnalyticsService.swift */; };
		B3C4D5E6F7A8B9C0D1E2F302 /* ClipKeyboardListViewModel.swift in Sources */ = {isa = PBXBuildFile; fileRef = B3C4D5E6F7A8B9C0D1E2F301 /* ClipKeyboardListViewModel.swift */; };
		B563C16987407051299C9A64 /* SecurePINSettings.swift in Sources */ = {isa = PBXBuildFile; fileRef = 5F3FC1EC36F759AA644D2DAB /* SecurePINSettings.swift */; };
		61864F395C2773BF9C2498DF /* CategorySettings.swift in Sources */ = {isa = PBXBuildFile; fileRef = 98BFD7118CEB30C3953DADC1 /* CategorySettings.swift */; };
		D879B4601DD1A12745791C7A /* ComboEditSheet.swift in Sources */ = {isa = PBXBuildFile; fileRef = E3875D8CD57527397640A15F /* ComboEditSheet.swift */; };
		DA76D71209A54B77AB57B638 /* MemoAddViewModel.swift in Sources */ = {isa = PBXBuildFile; fileRef = DA76D71209A54B77AB57B637 /* MemoAddViewModel.swift */; };
		DD2399E0334C5A8778EB9E46 /* ComboTemplateInputView.swift in Sources */ = {isa = PBXBuildFile; fileRef = 3B623F0C08A6514FB0ADE597 /* ComboTemplateInputView.swift */; };
		FA000002000000000000BBB1 /* NavigationThemeModifier.swift in Sources */ = {isa = PBXBuildFile; fileRef = FA000002000000000000AAA1 /* NavigationThemeModifier.swift */; };
		INFOPLISTBF1 /* InfoPlist.strings in Resources */ = {isa = PBXBuildFile; fileRef = INFOPLISTVG1 /* InfoPlist.strings */; };
		INFOPLISTBF2 /* InfoPlist.strings in Resources */ = {isa = PBXBuildFile; fileRef = INFOPLISTVG2 /* InfoPlist.strings */; };
/* End PBXBuildFile section */

/* Begin PBXContainerItemProxy section */
		587384962F2E7AD50042ECA4 /* PBXContainerItemProxy */ = {
			isa = PBXContainerItemProxy;
			containerPortal = 58C473302A109F0C009D87BC /* Project object */;
			proxyType = 1;
			remoteGlobalIDString = 587384812F2E7AD40042ECA4;
			remoteInfo = widgetExtension;
		};
		587BDC502A1D0D40001464E4 /* PBXContainerItemProxy */ = {
			isa = PBXContainerItemProxy;
			containerPortal = 58C473302A109F0C009D87BC /* Project object */;
			proxyType = 1;
			remoteGlobalIDString = 587BDC4A2A1D0D40001464E4;
			remoteInfo = ClipKeyboardExtension;
		};
		9CA0A4072F19D9B3004ABF40 /* PBXContainerItemProxy */ = {
			isa = PBXContainerItemProxy;
			containerPortal = 58C473302A109F0C009D87BC /* Project object */;
			proxyType = 1;
			remoteGlobalIDString = 58C473372A109F0C009D87BC;
			remoteInfo = ClipKeyboard;
		};
/* End PBXContainerItemProxy section */

/* Begin PBXCopyFilesBuildPhase section */
		587BDC392A1A7934001464E4 /* Embed Foundation Extensions */ = {
			isa = PBXCopyFilesBuildPhase;
			buildActionMask = 2147483647;
			dstPath = "";
			dstSubfolderSpec = 13;
			files = (
				587384982F2E7AD50042ECA4 /* widgetExtension.appex in Embed Foundation Extensions */,
				587BDC522A1D0D40001464E4 /* ClipKeyboardExtension.appex in Embed Foundation Extensions */,
			);
			name = "Embed Foundation Extensions";
			runOnlyForDeploymentPostprocessing = 0;
		};
/* End PBXCopyFilesBuildPhase section */

/* Begin PBXFileReference section */
		09D1AD9E9E974EE99832C4CF /* ClipboardRepository.swift */ = {isa = PBXFileReference; lastKnownFileType = sourcecode.swift; path = ClipboardRepository.swift; sourceTree = "<group>"; };
		0BCBD63182E44529B6F7ACC8 /* AppDependencies.swift */ = {isa = PBXFileReference; lastKnownFileType = sourcecode.swift; path = AppDependencies.swift; sourceTree = "<group>"; };
		11527193B51F40B39A530C1C /* MemoRepository.swift */ = {isa = PBXFileReference; lastKnownFileType = sourcecode.swift; path = MemoRepository.swift; sourceTree = "<group>"; };
		1752832F621F4C72961F0FD4 /* AppGroupStorage.swift */ = {isa = PBXFileReference; lastKnownFileType = sourcecode.swift; path = AppGroupStorage.swift; sourceTree = "<group>"; };
		1C7C6CDBD08940B2BC4EED1A /* ComboList.swift */ = {isa = PBXFileReference; lastKnownFileType = sourcecode.swift; path = ComboList.swift; sourceTree = "<group>"; };
		256F32EF1054402BBEBAA073 /* ComboExecutionService.swift */ = {isa = PBXFileReference; lastKnownFileType = sourcecode.swift; path = ComboExecutionService.swift; sourceTree = "<group>"; };
		34094107944543AB9AC89678 /* ClipboardRepositoryProtocol.swift */ = {isa = PBXFileReference; lastKnownFileType = sourcecode.swift; path = ClipboardRepositoryProtocol.swift; sourceTree = "<group>"; };
		3B623F0C08A6514FB0ADE597 /* ComboTemplateInputView.swift */ = {isa = PBXFileReference; includeInIndex = 1; lastKnownFileType = sourcecode.swift; path = ComboTemplateInputView.swift; sourceTree = "<group>"; };
		5802F40F2A2B3C91002825D6 /* ClipboardList.swift */ = {isa = PBXFileReference; lastKnownFileType = sourcecode.swift; path = ClipboardList.swift; sourceTree = "<group>"; };
		5802F4122A2B8E08002825D6 /* ClipboardCaptureCard.swift */ = {isa = PBXFileReference; lastKnownFileType = sourcecode.swift; path = ClipboardCaptureCard.swift; sourceTree = "<group>"; };
		5802F4142A2B966E002825D6 /* ClipKeyboard-Info.plist */ = {isa = PBXFileReference; lastKnownFileType = text.plist; path = "ClipKeyboard-Info.plist"; sourceTree = SOURCE_ROOT; };
		580B0D682A30C45E00C7B586 /* FontSetting.swift */ = {isa = PBXFileReference; lastKnownFileType = sourcecode.swift; path = FontSetting.swift; sourceTree = "<group>"; };
		5815505F2AD52D6800A6115B /* Localizable.xcstrings */ = {isa = PBXFileReference; lastKnownFileType = text.json.xcstrings; path = Localizable.xcstrings; sourceTree = "<group>"; };
		581550622AD5321F00A6115B /* Constants.swift */ = {isa = PBXFileReference; lastKnownFileType = sourcecode.swift; path = Constants.swift; sourceTree = "<group>"; };
		581D8A932F49B4DD00F2F032 /* ProFeatureManager.swift */ = {isa = PBXFileReference; lastKnownFileType = sourcecode.swift; path = ProFeatureManager.swift; sourceTree = "<group>"; };
		581D8A942F49B4DD00F2F032 /* StoreManager.swift */ = {isa = PBXFileReference; lastKnownFileType = sourcecode.swift; path = StoreManager.swift; sourceTree = "<group>"; };
		581D8A992F49B4E900F2F032 /* PaywallView.swift */ = {isa = PBXFileReference; lastKnownFileType = sourcecode.swift; path = PaywallView.swift; sourceTree = "<group>"; };
		581D8A9B2F49E85000F2F032 /* StoreKit.framework */ = {isa = PBXFileReference; lastKnownFileType = wrapper.framework; name = StoreKit.framework; path = System/Library/Frameworks/StoreKit.framework; sourceTree = SDKROOT; };
		581D8BAD2F49EE2600F2F032 /* Version.xcconfig */ = {isa = PBXFileReference; lastKnownFileType = text.xcconfig; path = Version.xcconfig; sourceTree = "<group>"; };
		585FE9762ACC62A5003A7FF9 /* KeyboardView.swift */ = {isa = PBXFileReference; lastKnownFileType = sourcecode.swift; path = KeyboardView.swift; sourceTree = "<group>"; };
		587381ED2F2A66120042ECA4 /* KeyboardLayoutSettings.swift */ = {isa = PBXFileReference; lastKnownFileType = sourcecode.swift; path = KeyboardLayoutSettings.swift; sourceTree = "<group>"; };
		587382A32F2B7EBD0042ECA4 /* ReviewManager.swift */ = {isa = PBXFileReference; lastKnownFileType = sourcecode.swift; path = ReviewManager.swift; sourceTree = "<group>"; };
		587382B02F3B8AAD0042ECA4 /* FavoriteNudgeManager.swift */ = {isa = PBXFileReference; lastKnownFileType = sourcecode.swift; path = FavoriteNudgeManager.swift; sourceTree = "<group>"; };
		587384822F2E7AD40042ECA4 /* widgetExtension.appex */ = {isa = PBXFileReference; explicitFileType = "wrapper.app-extension"; includeInIndex = 0; path = widgetExtension.appex; sourceTree = BUILT_PRODUCTS_DIR; };
		587384842F2E7AD40042ECA4 /* WidgetKit.framework */ = {isa = PBXFileReference; lastKnownFileType = wrapper.framework; name = WidgetKit.framework; path = System/Library/Frameworks/WidgetKit.framework; sourceTree = SDKROOT; };
		587384862F2E7AD40042ECA4 /* SwiftUI.framework */ = {isa = PBXFileReference; lastKnownFileType = wrapper.framework; name = SwiftUI.framework; path = System/Library/Frameworks/SwiftUI.framework; sourceTree = SDKROOT; };
		587B7CE12A264F6400455338 /* CollectionViewCell.swift */ = {isa = PBXFileReference; lastKnownFileType = sourcecode.swift; path = CollectionViewCell.swift; sourceTree = "<group>"; };
		587BDC4B2A1D0D40001464E4 /* ClipKeyboardExtension.appex */ = {isa = PBXFileReference; explicitFileType = "wrapper.app-extension"; includeInIndex = 0; path = ClipKeyboardExtension.appex; sourceTree = BUILT_PRODUCTS_DIR; };
		587BDC4D2A1D0D40001464E4 /* KeyboardViewController.swift */ = {isa = PBXFileReference; lastKnownFileType = sourcecode.swift; path = KeyboardViewController.swift; sourceTree = "<group>"; };
		587BDC4F2A1D0D40001464E4 /* Info.plist */ = {isa = PBXFileReference; lastKnownFileType = text.plist.xml; path = Info.plist; sourceTree = "<group>"; };
		587BDC5A2A1FCA10001464E4 /* ClipKeyboard.entitlements */ = {isa = PBXFileReference; lastKnownFileType = text.plist.entitlements; path = ClipKeyboard.entitlements; sourceTree = "<group>"; };
		587BDC5B2A1FCA1B001464E4 /* ClipKeyboardExtension.entitlements */ = {isa = PBXFileReference; lastKnownFileType = text.plist.entitlements; path = ClipKeyboardExtension.entitlements; sourceTree = "<group>"; };
		58A7F1D42F9E52B300636B7B /* GoogleService-Info.plist */ = {isa = PBXFileReference; lastKnownFileType = text.plist.xml; path = "GoogleService-Info.plist"; sourceTree = "<group>"; };
		58AA11112B4D1A2100000003 /* ThemeSettings.swift */ = {isa = PBXFileReference; lastKnownFileType = sourcecode.swift; path = ThemeSettings.swift; sourceTree = "<group>"; };
		58AA11112B4D1A2100000005 /* ColorExtension.swift */ = {isa = PBXFileReference; lastKnownFileType = sourcecode.swift; path = ColorExtension.swift; sourceTree = "<group>"; };
		58C473382A109F0D009D87BC /* ClipKeyboard.app */ = {isa = PBXFileReference; explicitFileType = wrapper.application; includeInIndex = 0; path = ClipKeyboard.app; sourceTree = BUILT_PRODUCTS_DIR; };
		58C4733B2A109F0D009D87BC /* ClipKeyboardApp.swift */ = {isa = PBXFileReference; lastKnownFileType = sourcecode.swift; path = ClipKeyboardApp.swift; sourceTree = "<group>"; };
		58C4733F2A109F0E009D87BC /* Assets.xcassets */ = {isa = PBXFileReference; lastKnownFileType = folder.assetcatalog; path = Assets.xcassets; sourceTree = "<group>"; };
		58C473422A109F0E009D87BC /* Preview Assets.xcassets */ = {isa = PBXFileReference; lastKnownFileType = folder.assetcatalog; path = "Preview Assets.xcassets"; sourceTree = "<group>"; };
		58C473682A10C9A0009D87BC /* ClipKeyboardList.swift */ = {isa = PBXFileReference; lastKnownFileType = sourcecode.swift; path = ClipKeyboardList.swift; sourceTree = "<group>"; };
		58C7ACB42A2CF1A3003F791F /* SettingView.swift */ = {isa = PBXFileReference; lastKnownFileType = sourcecode.swift; path = SettingView.swift; sourceTree = "<group>"; };
		58CK00002B5E1A2100000001 /* CloudKitBackupService.swift */ = {isa = PBXFileReference; lastKnownFileType = sourcecode.swift; path = CloudKitBackupService.swift; sourceTree = "<group>"; };
		58CK00022B5E1A2100000002 /* CloudBackupView.swift */ = {isa = PBXFileReference; lastKnownFileType = sourcecode.swift; path = CloudBackupView.swift; sourceTree = "<group>"; };
		58CK00042B5E1A2100000004 /* NotificationExtension.swift */ = {isa = PBXFileReference; lastKnownFileType = sourcecode.swift; path = NotificationExtension.swift; sourceTree = "<group>"; };
		58CK00062B5E1A2100000005 /* MenuBarManager.swift */ = {isa = PBXFileReference; lastKnownFileType = sourcecode.swift; path = MenuBarManager.swift; sourceTree = "<group>"; };
		58CK00082B5E1A2100000006 /* GlobalHotkeyManager.swift */ = {isa = PBXFileReference; lastKnownFileType = sourcecode.swift; path = GlobalHotkeyManager.swift; sourceTree = "<group>"; };
		58D9D52D2A3B23900086BE1A /* DataManager.swift */ = {isa = PBXFileReference; lastKnownFileType = sourcecode.swift; path = DataManager.swift; sourceTree = "<group>"; };
		58DS00022F0000000000000002 /* AppTheme.swift */ = {isa = PBXFileReference; lastKnownFileType = sourcecode.swift; path = AppTheme.swift; sourceTree = "<group>"; };
		58DS00042F0000000000000004 /* AppThemePreference.swift */ = {isa = PBXFileReference; lastKnownFileType = sourcecode.swift; path = AppThemePreference.swift; sourceTree = "<group>"; };
		58DS00062F0000000000000006 /* CatIcon.swift */ = {isa = PBXFileReference; lastKnownFileType = sourcecode.swift; path = CatIcon.swift; sourceTree = "<group>"; };
		58DS00082F0000000000000008 /* ClipChip.swift */ = {isa = PBXFileReference; lastKnownFileType = sourcecode.swift; path = ClipChip.swift; sourceTree = "<group>"; };
		58DS000A2F000000000000000A /* ClipFAB.swift */ = {isa = PBXFileReference; lastKnownFileType = sourcecode.swift; path = ClipFAB.swift; sourceTree = "<group>"; };
		58DS000C2F000000000000000C /* ClipIconButton.swift */ = {isa = PBXFileReference; lastKnownFileType = sourcecode.swift; path = ClipIconButton.swift; sourceTree = "<group>"; };
		58DS000E2F000000000000000E /* ClipSearchField.swift */ = {isa = PBXFileReference; lastKnownFileType = sourcecode.swift; path = ClipSearchField.swift; sourceTree = "<group>"; };
		58DS00102F0000000000000010 /* ClipSectionHeader.swift */ = {isa = PBXFileReference; lastKnownFileType = sourcecode.swift; path = ClipSectionHeader.swift; sourceTree = "<group>"; };
		58DS00142F0000000000000014 /* TagBadge.swift */ = {isa = PBXFileReference; lastKnownFileType = sourcecode.swift; path = TagBadge.swift; sourceTree = "<group>"; };
		58F8FBBC2A127B3000F5446E /* MemoAdd.swift */ = {isa = PBXFileReference; lastKnownFileType = sourcecode.swift; path = MemoAdd.swift; sourceTree = "<group>"; };
		616238CD1282F3D06FC7E369 /* BulkImportView.swift */ = {isa = PBXFileReference; lastKnownFileType = sourcecode.swift; path = BulkImportView.swift; sourceTree = "<group>"; };
		58F8FBBE2A127D3C00F5446E /* Memo.swift */ = {isa = PBXFileReference; lastKnownFileType = sourcecode.swift; path = Memo.swift; sourceTree = "<group>"; };
		58F8FBC02A13C9A400F5446E /* MemoStore.swift */ = {isa = PBXFileReference; lastKnownFileType = sourcecode.swift; path = MemoStore.swift; sourceTree = "<group>"; };
		58FBB90A2ED9AD0B004231BE /* ClipKeyboard.tap.app */ = {isa = PBXFileReference; explicitFileType = wrapper.application; includeInIndex = 0; path = ClipKeyboard.tap.app; sourceTree = BUILT_PRODUCTS_DIR; };
		58GB00022F0000000000000002 /* GraceQuotaBannerView.swift */ = {isa = PBXFileReference; lastKnownFileType = sourcecode.swift; path = GraceQuotaBannerView.swift; sourceTree = "<group>"; };
		58KS00002B6F1B3200000001 /* KeyboardSetupOnboardingView.swift */ = {isa = PBXFileReference; lastKnownFileType = sourcecode.swift; path = KeyboardSetupOnboardingView.swift; sourceTree = "<group>"; };
		58MA00022F0000000000000002 /* MacAppIntroView.swift */ = {isa = PBXFileReference; lastKnownFileType = sourcecode.swift; path = MacAppIntroView.swift; sourceTree = "<group>"; };
		58MP00022F0000000000000002 /* MemoPreviewFormatter.swift */ = {isa = PBXFileReference; lastKnownFileType = sourcecode.swift; path = MemoPreviewFormatter.swift; sourceTree = "<group>"; };
		58PS00012B5E1A2100000001 /* ProStatusManager.swift */ = {isa = PBXFileReference; lastKnownFileType = sourcecode.swift; path = ProStatusManager.swift; sourceTree = "<group>"; };
		58SV00012F9A1B0100000001 /* ClipboardClassificationService.swift */ = {isa = PBXFileReference; lastKnownFileType = sourcecode.swift; path = ClipboardClassificationService.swift; sourceTree = "<group>"; };
		58SV00022F9A1B0100000002 /* OCRService.swift */ = {isa = PBXFileReference; lastKnownFileType = sourcecode.swift; path = OCRService.swift; sourceTree = "<group>"; };
		58TP00022F0000000000000002 /* ThemePickerView.swift */ = {isa = PBXFileReference; lastKnownFileType = sourcecode.swift; path = ThemePickerView.swift; sourceTree = "<group>"; };
		58TV00022F0000000000000002 /* TemplateVariableProcessor.swift */ = {isa = PBXFileReference; lastKnownFileType = sourcecode.swift; path = TemplateVariableProcessor.swift; sourceTree = "<group>"; };
		5EB5872F8FEC49A1BAF729E3 /* ComboRepositoryProtocol.swift */ = {isa = PBXFileReference; lastKnownFileType = sourcecode.swift; path = ComboRepositoryProtocol.swift; sourceTree = "<group>"; };
		5F3FC1EC36F759AA644D2DAB /* SecurePINSettings.swift */ = {isa = PBXFileReference; lastKnownFileType = sourcecode.swift; path = SecurePINSettings.swift; sourceTree = "<group>"; };
		98BFD7118CEB30C3953DADC1 /* CategorySettings.swift */ = {isa = PBXFileReference; lastKnownFileType = sourcecode.swift; path = CategorySettings.swift; sourceTree = "<group>"; };
		71169FEF7AFE438A9D148358 /* SaveMemoUseCase.swift */ = {isa = PBXFileReference; lastKnownFileType = sourcecode.swift; path = SaveMemoUseCase.swift; sourceTree = "<group>"; };
		82DB8CDD2D0F443CAE408630 /* MemoRepositoryProtocol.swift */ = {isa = PBXFileReference; lastKnownFileType = sourcecode.swift; path = MemoRepositoryProtocol.swift; sourceTree = "<group>"; };
		8359E806AD334EBE9AD02EEC /* ClassifyClipboardUseCase.swift */ = {isa = PBXFileReference; lastKnownFileType = sourcecode.swift; path = ClassifyClipboardUseCase.swift; sourceTree = "<group>"; };
		8978C793D337415F46663BCA /* ComboItemPickerView.swift */ = {isa = PBXFileReference; includeInIndex = 1; lastKnownFileType = sourcecode.swift; path = ComboItemPickerView.swift; sourceTree = "<group>"; };
		8CCD0BEF080AD63B0DF124A2 /* ComboKeyboardView.swift */ = {isa = PBXFileReference; includeInIndex = 1; lastKnownFileType = sourcecode.swift; path = ComboKeyboardView.swift; sourceTree = "<group>"; };
		9C994B022EEAA81500FBC8F6 /* MemoRowView.swift */ = {isa = PBXFileReference; lastKnownFileType = sourcecode.swift; path = MemoRowView.swift; sourceTree = "<group>"; };
		9C994B072EEAA87600FBC8F6 /* TemplateEditSheet.swift */ = {isa = PBXFileReference; lastKnownFileType = sourcecode.swift; path = TemplateEditSheet.swift; sourceTree = "<group>"; };
		9C994B092EEAA8BF00FBC8F6 /* PlaceholderSelectorView.swift */ = {isa = PBXFileReference; lastKnownFileType = sourcecode.swift; path = PlaceholderSelectorView.swift; sourceTree = "<group>"; };
		9CA0A4032F19D9B3004ABF40 /* ClipKeyboardTests.xctest */ = {isa = PBXFileReference; explicitFileType = wrapper.cfbundle; includeInIndex = 0; path = ClipKeyboardTests.xctest; sourceTree = BUILT_PRODUCTS_DIR; };
		A2BA33458AA645918E1CDF84 /* ComboRepository.swift */ = {isa = PBXFileReference; lastKnownFileType = sourcecode.swift; path = ComboRepository.swift; sourceTree = "<group>"; };
		AA00000100000001F3B00001 /* ReviewRequestView.swift */ = {isa = PBXFileReference; lastKnownFileType = sourcecode.swift; path = ReviewRequestView.swift; sourceTree = "<group>"; };
		AA00000300000001F3B00001 /* ReviewBannerView.swift */ = {isa = PBXFileReference; lastKnownFileType = sourcecode.swift; path = ReviewBannerView.swift; sourceTree = "<group>"; };
		AA00000600000001F3B00002 /* UsageGuideView.swift */ = {isa = PBXFileReference; lastKnownFileType = sourcecode.swift; path = UsageGuideView.swift; sourceTree = "<group>"; };
		AA00001100000001F3B00004 /* HangulComposer.swift */ = {isa = PBXFileReference; lastKnownFileType = sourcecode.swift; path = HangulComposer.swift; sourceTree = "<group>"; };
		F2732597E9C8A36A1E875CD5 /* KeyboardBeacon.swift */ = {isa = PBXFileReference; lastKnownFileType = sourcecode.swift; path = KeyboardBeacon.swift; sourceTree = "<group>"; };
		845C19F2833D49C436124BAC /* KeyboardDocumentState.swift */ = {isa = PBXFileReference; lastKnownFileType = sourcecode.swift; path = KeyboardDocumentState.swift; sourceTree = "<group>"; };
		AA00001300000001F3B00004 /* TypingKeyboardView.swift */ = {isa = PBXFileReference; lastKnownFileType = sourcecode.swift; path = TypingKeyboardView.swift; sourceTree = "<group>"; };
		AA00001500000001F3B00005 /* CheonjiinInput.swift */ = {isa = PBXFileReference; lastKnownFileType = sourcecode.swift; path = CheonjiinInput.swift; sourceTree = "<group>"; };
		AA00001700000001F3B00006 /* AnalyticsService.swift */ = {isa = PBXFileReference; lastKnownFileType = sourcecode.swift; path = AnalyticsService.swift; sourceTree = "<group>"; };
		F027CAC56EBC7FE2DD9F9D78 /* CategoryStore.swift */ = {isa = PBXFileReference; lastKnownFileType = sourcecode.swift; path = CategoryStore.swift; sourceTree = "<group>"; };
		B3C4D5E6F7A8B9C0D1E2F301 /* ClipKeyboardListViewModel.swift */ = {isa = PBXFileReference; lastKnownFileType = sourcecode.swift; path = ClipKeyboardListViewModel.swift; sourceTree = "<group>"; };
		DA76D71209A54B77AB57B637 /* MemoAddViewModel.swift */ = {isa = PBXFileReference; lastKnownFileType = sourcecode.swift; path = MemoAddViewModel.swift; sourceTree = "<group>"; };
		E3875D8CD57527397640A15F /* ComboEditSheet.swift */ = {isa = PBXFileReference; includeInIndex = 1; lastKnownFileType = sourcecode.swift; path = ComboEditSheet.swift; sourceTree = "<group>"; };
		FA000002000000000000AAA1 /* NavigationThemeModifier.swift */ = {isa = PBXFileReference; lastKnownFileType = sourcecode.swift; path = NavigationThemeModifier.swift; sourceTree = "<group>"; };
		INFOPLIST001 /* ko */ = {isa = PBXFileReference; lastKnownFileType = text.plist.strings; name = ko; path = ko.lproj/InfoPlist.strings; sourceTree = "<group>"; };
		INFOPLIST002 /* en */ = {isa = PBXFileReference; lastKnownFileType = text.plist.strings; name = en; path = en.lproj/InfoPlist.strings; sourceTree = "<group>"; };
		INFOPLIST003 /* ko */ = {isa = PBXFileReference; lastKnownFileType = text.plist.strings; name = ko; path = ko.lproj/InfoPlist.strings; sourceTree = "<group>"; };
		INFOPLIST004 /* en */ = {isa = PBXFileReference; lastKnownFileType = text.plist.strings; name = en; path = en.lproj/InfoPlist.strings; sourceTree = "<group>"; };
		INFOPLIST005 /* id */ = {isa = PBXFileReference; lastKnownFileType = text.plist.strings; name = id; path = id.lproj/InfoPlist.strings; sourceTree = "<group>"; };
		INFOPLIST006 /* id */ = {isa = PBXFileReference; lastKnownFileType = text.plist.strings; name = id; path = id.lproj/InfoPlist.strings; sourceTree = "<group>"; };
/* End PBXFileReference section */

/* Begin PBXFileSystemSynchronizedBuildFileExceptionSet section */
		5873849B2F2E7AD50042ECA4 /* PBXFileSystemSynchronizedBuildFileExceptionSet */ = {
			isa = PBXFileSystemSynchronizedBuildFileExceptionSet;
			membershipExceptions = (
				Info.plist,
			);
			target = 587384812F2E7AD40042ECA4 /* widgetExtension */;
		};
/* End PBXFileSystemSynchronizedBuildFileExceptionSet section */

/* Begin PBXFileSystemSynchronizedRootGroup section */
		587384882F2E7AD40042ECA4 /* widget */ = {isa = PBXFileSystemSynchronizedRootGroup; exceptions = (5873849B2F2E7AD50042ECA4 /* PBXFileSystemSynchronizedBuildFileExceptionSet */, ); explicitFileTypes = {}; explicitFolders = (); path = widget; sourceTree = "<group>"; };
		58FBB90B2ED9AD0B004231BE /* ClipKeyboard.tap */ = {isa = PBXFileSystemSynchronizedRootGroup; explicitFileTypes = {}; explicitFolders = (); path = ClipKeyboard.tap; sourceTree = "<group>"; };
		9CA0A4042F19D9B3004ABF40 /* ClipKeyboardTests */ = {isa = PBXFileSystemSynchronizedRootGroup; explicitFileTypes = {}; explicitFolders = (); path = ClipKeyboardTests; sourceTree = "<group>"; };
/* End PBXFileSystemSynchronizedRootGroup section */

/* Begin PBXFrameworksBuildPhase section */
		5873847F2F2E7AD40042ECA4 /* Frameworks */ = {
			isa = PBXFrameworksBuildPhase;
			buildActionMask = 2147483647;
			files = (
				587384872F2E7AD40042ECA4 /* SwiftUI.framework in Frameworks */,
				587384852F2E7AD40042ECA4 /* WidgetKit.framework in Frameworks */,
			);
			runOnlyForDeploymentPostprocessing = 0;
		};
		587BDC482A1D0D40001464E4 /* Frameworks */ = {
			isa = PBXFrameworksBuildPhase;
			buildActionMask = 2147483647;
			files = (
			);
			runOnlyForDeploymentPostprocessing = 0;
		};
		58C473352A109F0C009D87BC /* Frameworks */ = {
			isa = PBXFrameworksBuildPhase;
			buildActionMask = 2147483647;
			files = (
				58CC36B02F9E6A880010DE3E /* FirebaseAnalyticsIdentitySupport in Frameworks */,
				58CC36B22F9E6A880010DE3E /* FirebaseCore in Frameworks */,
				58CC36AC2F9E6A880010DE3E /* FirebaseAnalytics in Frameworks */,
				58CC36AE2F9E6A880010DE3E /* FirebaseAnalyticsCore in Frameworks */,
				581D8A9C2F49E85000F2F032 /* StoreKit.framework in Frameworks */,
			);
			runOnlyForDeploymentPostprocessing = 0;
		};
		58FBB9072ED9AD0B004231BE /* Frameworks */ = {
			isa = PBXFrameworksBuildPhase;
			buildActionMask = 2147483647;
			files = (
			);
			runOnlyForDeploymentPostprocessing = 0;
		};
		9CA0A4002F19D9B3004ABF40 /* Frameworks */ = {
			isa = PBXFrameworksBuildPhase;
			buildActionMask = 2147483647;
			files = (
			);
			runOnlyForDeploymentPostprocessing = 0;
		};
/* End PBXFrameworksBuildPhase section */

/* Begin PBXGroup section */
		1B870C9374FF4EF98817D4B5 /* Domain */ = {
			isa = PBXGroup;
			children = (
				2F7C067346C9412692AFBD46 /* Repository */,
				CE1F0CE81DA34F918AF4D9E7 /* UseCase */,
			);
			path = Domain;
			sourceTree = "<group>";
		};
		2F7C067346C9412692AFBD46 /* Repository */ = {
			isa = PBXGroup;
			children = (
				82DB8CDD2D0F443CAE408630 /* MemoRepositoryProtocol.swift */,
				34094107944543AB9AC89678 /* ClipboardRepositoryProtocol.swift */,
				5EB5872F8FEC49A1BAF729E3 /* ComboRepositoryProtocol.swift */,
			);
			path = Repository;
			sourceTree = "<group>";
		};
		5802F4112A2B42D3002825D6 /* Component */ = {
			isa = PBXGroup;
			children = (
				5802F4122A2B8E08002825D6 /* ClipboardCaptureCard.swift */,
				AA00000100000001F3B00001 /* ReviewRequestView.swift */,
				AA00000300000001F3B00001 /* ReviewBannerView.swift */,
				58GB00022F0000000000000002 /* GraceQuotaBannerView.swift */,
			);
			path = Component;
			sourceTree = "<group>";
		};
		587384832F2E7AD40042ECA4 /* Frameworks */ = {
			isa = PBXGroup;
			children = (
				581D8A9B2F49E85000F2F032 /* StoreKit.framework */,
				587384842F2E7AD40042ECA4 /* WidgetKit.framework */,
				587384862F2E7AD40042ECA4 /* SwiftUI.framework */,
			);
			name = Frameworks;
			sourceTree = "<group>";
		};
		587BDC4C2A1D0D40001464E4 /* ClipKeyboardExtension */ = {
			isa = PBXGroup;
			children = (
				587BDC5B2A1FCA1B001464E4 /* ClipKeyboardExtension.entitlements */,
				587BDC4D2A1D0D40001464E4 /* KeyboardViewController.swift */,
				585FE9762ACC62A5003A7FF9 /* KeyboardView.swift */,
				AA00001100000001F3B00004 /* HangulComposer.swift */,
				F2732597E9C8A36A1E875CD5 /* KeyboardBeacon.swift */,
				845C19F2833D49C436124BAC /* KeyboardDocumentState.swift */,
				AA00001500000001F3B00005 /* CheonjiinInput.swift */,
				AA00001300000001F3B00004 /* TypingKeyboardView.swift */,
				587B7CE12A264F6400455338 /* CollectionViewCell.swift */,
				587BDC4F2A1D0D40001464E4 /* Info.plist */,
				INFOPLISTVG2 /* InfoPlist.strings */,
				8CCD0BEF080AD63B0DF124A2 /* ComboKeyboardView.swift */,
			);
			path = ClipKeyboardExtension;
			sourceTree = "<group>";
		};
		58AA11112B4D1A2100000007 /* Extensions */ = {
			isa = PBXGroup;
			children = (
				58AA11112B4D1A2100000005 /* ColorExtension.swift */,
				58CK00042B5E1A2100000004 /* NotificationExtension.swift */,
				58MP00022F0000000000000002 /* MemoPreviewFormatter.swift */,
				58TV00022F0000000000000002 /* TemplateVariableProcessor.swift */,
			);
			path = Extensions;
			sourceTree = "<group>";
		};
		58C4732F2A109F0C009D87BC = {
			isa = PBXGroup;
			children = (
				58C4733A2A109F0D009D87BC /* ClipKeyboard */,
				587BDC4C2A1D0D40001464E4 /* ClipKeyboardExtension */,
				58FBB90B2ED9AD0B004231BE /* ClipKeyboard.tap */,
				9CA0A4042F19D9B3004ABF40 /* ClipKeyboardTests */,
				587384882F2E7AD40042ECA4 /* widget */,
				587384832F2E7AD40042ECA4 /* Frameworks */,
				58C473392A109F0D009D87BC /* Products */,
				581D8BAD2F49EE2600F2F032 /* Version.xcconfig */,
			);
			sourceTree = "<group>";
		};
		58C473392A109F0D009D87BC /* Products */ = {
			isa = PBXGroup;
			children = (
				58C473382A109F0D009D87BC /* ClipKeyboard.app */,
				587BDC4B2A1D0D40001464E4 /* ClipKeyboardExtension.appex */,
				58FBB90A2ED9AD0B004231BE /* ClipKeyboard.tap.app */,
				9CA0A4032F19D9B3004ABF40 /* ClipKeyboardTests.xctest */,
				587384822F2E7AD40042ECA4 /* widgetExtension.appex */,
			);
			name = Products;
			sourceTree = "<group>";
		};
		58C4733A2A109F0D009D87BC /* ClipKeyboard */ = {
			isa = PBXGroup;
			children = (
				58A7F1D42F9E52B300636B7B /* GoogleService-Info.plist */,
				5802F4142A2B966E002825D6 /* ClipKeyboard-Info.plist */,
				587BDC5A2A1FCA10001464E4 /* ClipKeyboard.entitlements */,
				581550622AD5321F00A6115B /* Constants.swift */,
				58D9D52C2A3B237D0086BE1A /* Manager */,
				58F8FBC42A15278100F5446E /* Screens */,
				58F8FBC32A15277700F5446E /* Service */,
				58F8FBC22A15276400F5446E /* Model */,
				58AA11112B4D1A2100000007 /* Extensions */,
				58DS00112F0000000000000011 /* DesignSystem */,
				58C473672A10A787009D87BC /* Temp */,
				58C4733B2A109F0D009D87BC /* ClipKeyboardApp.swift */,
				58C4733F2A109F0E009D87BC /* Assets.xcassets */,
				58C473412A109F0E009D87BC /* Preview Content */,
				5815505F2AD52D6800A6115B /* Localizable.xcstrings */,
				INFOPLISTVG1 /* InfoPlist.strings */,
				E35F7AD602EB409DA9ED0332 /* Data */,
				1B870C9374FF4EF98817D4B5 /* Domain */,
				CF59570A1231475E964BEFD0 /* Presentation */,
				C10B7D0BBC9949D585AF359F /* App */,
			);
			path = ClipKeyboard;
			sourceTree = "<group>";
		};
		58C473412A109F0E009D87BC /* Preview Content */ = {
			isa = PBXGroup;
			children = (
				58C473422A109F0E009D87BC /* Preview Assets.xcassets */,
			);
			path = "Preview Content";
			sourceTree = "<group>";
		};
		58C473672A10A787009D87BC /* Temp */ = {
			isa = PBXGroup;
			children = (
			);
			path = Temp;
			sourceTree = "<group>";
		};
		58D9D52C2A3B237D0086BE1A /* Manager */ = {
			isa = PBXGroup;
			children = (
				587382B02F3B8AAD0042ECA4 /* FavoriteNudgeManager.swift */,
				587382A32F2B7EBD0042ECA4 /* ReviewManager.swift */,
				58PS00012B5E1A2100000001 /* ProStatusManager.swift */,
				58D9D52D2A3B23900086BE1A /* DataManager.swift */,
				58CK00062B5E1A2100000005 /* MenuBarManager.swift */,
				58CK00082B5E1A2100000006 /* GlobalHotkeyManager.swift */,
			);
			path = Manager;
			sourceTree = "<group>";
		};
		58DS00112F0000000000000011 /* DesignSystem */ = {
			isa = PBXGroup;
			children = (
				58DS00022F0000000000000002 /* AppTheme.swift */,
				58DS00042F0000000000000004 /* AppThemePreference.swift */,
				FA000002000000000000AAA1 /* NavigationThemeModifier.swift */,
				58DS00122F0000000000000012 /* Components */,
			);
			path = DesignSystem;
			sourceTree = "<group>";
		};
		58DS00122F0000000000000012 /* Components */ = {
			isa = PBXGroup;
			children = (
				58DS00062F0000000000000006 /* CatIcon.swift */,
				58DS00082F0000000000000008 /* ClipChip.swift */,
				58DS000A2F000000000000000A /* ClipFAB.swift */,
				58DS000C2F000000000000000C /* ClipIconButton.swift */,
				58DS000E2F000000000000000E /* ClipSearchField.swift */,
				58DS00102F0000000000000010 /* ClipSectionHeader.swift */,
				58DS00142F0000000000000014 /* TagBadge.swift */,
			);
			path = Components;
			sourceTree = "<group>";
		};
		58F8FBC22A15276400F5446E /* Model */ = {
			isa = PBXGroup;
			children = (
				58F8FBBE2A127D3C00F5446E /* Memo.swift */,
			);
			path = Model;
			sourceTree = "<group>";
		};
		58F8FBC32A15277700F5446E /* Service */ = {
			isa = PBXGroup;
			children = (
				581D8A932F49B4DD00F2F032 /* ProFeatureManager.swift */,
				581D8A942F49B4DD00F2F032 /* StoreManager.swift */,
				58F8FBC02A13C9A400F5446E /* MemoStore.swift */,
				AA00001700000001F3B00006 /* AnalyticsService.swift */,
				F027CAC56EBC7FE2DD9F9D78 /* CategoryStore.swift */,
				58CK00002B5E1A2100000001 /* CloudKitBackupService.swift */,
				256F32EF1054402BBEBAA073 /* ComboExecutionService.swift */,
				58SV00012F9A1B0100000001 /* ClipboardClassificationService.swift */,
				58SV00022F9A1B0100000002 /* OCRService.swift */,
			);
			path = Service;
			sourceTree = "<group>";
		};
		58F8FBC42A15278100F5446E /* Screens */ = {
			isa = PBXGroup;
			children = (
				581D8A992F49B4E900F2F032 /* PaywallView.swift */,
				587381ED2F2A66120042ECA4 /* KeyboardLayoutSettings.swift */,
				5F3FC1EC36F759AA644D2DAB /* SecurePINSettings.swift */,
				98BFD7118CEB30C3953DADC1 /* CategorySettings.swift */,
				9C994B062EEAA86100FBC8F6 /* Template */,
				9C994B012EEAA7F500FBC8F6 /* List */,
				9C994AE32EEA97F500FBC8F6 /* Memo */,
				5802F4112A2B42D3002825D6 /* Component */,
				5802F40F2A2B3C91002825D6 /* ClipboardList.swift */,
				1C7C6CDBD08940B2BC4EED1A /* ComboList.swift */,
				58C7ACB42A2CF1A3003F791F /* SettingView.swift */,
				AA00000600000001F3B00002 /* UsageGuideView.swift */,
				58MA00022F0000000000000002 /* MacAppIntroView.swift */,
				58TP00022F0000000000000002 /* ThemePickerView.swift */,
				580B0D682A30C45E00C7B586 /* FontSetting.swift */,
				58KS00002B6F1B3200000001 /* KeyboardSetupOnboardingView.swift */,
				58AA11112B4D1A2100000003 /* ThemeSettings.swift */,
				58CK00022B5E1A2100000002 /* CloudBackupView.swift */,
				D32F71B863E077B858D91CE7 /* Combo */,
			);
			path = Screens;
			sourceTree = "<group>";
		};
		87DF6ECF50B643AF9675F588 /* Repository */ = {
			isa = PBXGroup;
			children = (
				11527193B51F40B39A530C1C /* MemoRepository.swift */,
				09D1AD9E9E974EE99832C4CF /* ClipboardRepository.swift */,
				A2BA33458AA645918E1CDF84 /* ComboRepository.swift */,
			);
			path = Repository;
			sourceTree = "<group>";
		};
		8F65B6990A724513820AC784 /* MemoAdd */ = {
			isa = PBXGroup;
			children = (
				DA76D71209A54B77AB57B637 /* MemoAddViewModel.swift */,
			);
			path = MemoAdd;
			sourceTree = "<group>";
		};
		9C994AE32EEA97F500FBC8F6 /* Memo */ = {
			isa = PBXGroup;
			children = (
				58F8FBBC2A127B3000F5446E /* MemoAdd.swift */,
				616238CD1282F3D06FC7E369 /* BulkImportView.swift */,
			);
			path = Memo;
			sourceTree = "<group>";
		};
		9C994B012EEAA7F500FBC8F6 /* List */ = {
			isa = PBXGroup;
			children = (
				58C473682A10C9A0009D87BC /* ClipKeyboardList.swift */,
				9C994B022EEAA81500FBC8F6 /* MemoRowView.swift */,
			);
			path = List;
			sourceTree = "<group>";
		};
		9C994B062EEAA86100FBC8F6 /* Template */ = {
			isa = PBXGroup;
			children = (
				9C994B072EEAA87600FBC8F6 /* TemplateEditSheet.swift */,
				9C994B092EEAA8BF00FBC8F6 /* PlaceholderSelectorView.swift */,
			);
			path = Template;
			sourceTree = "<group>";
		};
		9FD347F3AEB04B6785DA54A8 /* Storage */ = {
			isa = PBXGroup;
			children = (
				1752832F621F4C72961F0FD4 /* AppGroupStorage.swift */,
			);
			path = Storage;
			sourceTree = "<group>";
		};
		B3C4D5E6F7A8B9C0D1E2F303 /* ClipKeyboardList */ = {
			isa = PBXGroup;
			children = (
				B3C4D5E6F7A8B9C0D1E2F301 /* ClipKeyboardListViewModel.swift */,
			);
			path = ClipKeyboardList;
			sourceTree = "<group>";
		};
		C10B7D0BBC9949D585AF359F /* App */ = {
			isa = PBXGroup;
			children = (
				0BCBD63182E44529B6F7ACC8 /* AppDependencies.swift */,
			);
			path = App;
			sourceTree = "<group>";
		};
		CE1F0CE81DA34F918AF4D9E7 /* UseCase */ = {
			isa = PBXGroup;
			children = (
				8359E806AD334EBE9AD02EEC /* ClassifyClipboardUseCase.swift */,
				71169FEF7AFE438A9D148358 /* SaveMemoUseCase.swift */,
			);
			path = UseCase;
			sourceTree = "<group>";
		};
		CF59570A1231475E964BEFD0 /* Presentation */ = {
			isa = PBXGroup;
			children = (
				8F65B6990A724513820AC784 /* MemoAdd */,
				B3C4D5E6F7A8B9C0D1E2F303 /* ClipKeyboardList */,
			);
			path = Presentation;
			sourceTree = "<group>";
		};
		D32F71B863E077B858D91CE7 /* Combo */ = {
			isa = PBXGroup;
			children = (
				8978C793D337415F46663BCA /* ComboItemPickerView.swift */,
				3B623F0C08A6514FB0ADE597 /* ComboTemplateInputView.swift */,
				E3875D8CD57527397640A15F /* ComboEditSheet.swift */,
			);
			path = Combo;
			sourceTree = "<group>";
		};
		E35F7AD602EB409DA9ED0332 /* Data */ = {
			isa = PBXGroup;
			children = (
				9FD347F3AEB04B6785DA54A8 /* Storage */,
				87DF6ECF50B643AF9675F588 /* Repository */,
			);
			path = Data;
			sourceTree = "<group>";
		};
/* End PBXGroup section */

/* Begin PBXNativeTarget section */
		587384812F2E7AD40042ECA4 /* widgetExtension */ = {
			isa = PBXNativeTarget;
			buildConfigurationList = 5873849C2F2E7AD50042ECA4 /* Build configuration list for PBXNativeTarget "widgetExtension" */;
			buildPhases = (
				5873847E2F2E7AD40042ECA4 /* Sources */,
				5873847F2F2E7AD40042ECA4 /* Frameworks */,
				587384802F2E7AD40042ECA4 /* Resources */,
			);
			buildRules = (
			);
			dependencies = (
			);
			fileSystemSynchronizedGroups = (
				587384882F2E7AD40042ECA4 /* widget */,
			);
			name = widgetExtension;
			packageProductDependencies = (
			);
			productName = widgetExtension;
			productReference = 587384822F2E7AD40042ECA4 /* widgetExtension.appex */;
			productType = "com.apple.product-type.app-extension";
		};
		587BDC4A2A1D0D40001464E4 /* ClipKeyboardExtension */ = {
			isa = PBXNativeTarget;
			buildConfigurationList = 587BDC532A1D0D40001464E4 /* Build configuration list for PBXNativeTarget "ClipKeyboardExtension" */;
			buildPhases = (
				587BDC472A1D0D40001464E4 /* Sources */,
				587BDC482A1D0D40001464E4 /* Frameworks */,
				587BDC492A1D0D40001464E4 /* Resources */,
			);
			buildRules = (
			);
			dependencies = (
			);
			name = ClipKeyboardExtension;
			productName = ClipKeyboardExtension;
			productReference = 587BDC4B2A1D0D40001464E4 /* ClipKeyboardExtension.appex */;
			productType = "com.apple.product-type.app-extension";
		};
		58C473372A109F0C009D87BC /* ClipKeyboard */ = {
			isa = PBXNativeTarget;
			buildConfigurationList = 58C4735C2A109F0E009D87BC /* Build configuration list for PBXNativeTarget "ClipKeyboard" */;
			buildPhases = (
				58C473342A109F0C009D87BC /* Sources */,
				58C473352A109F0C009D87BC /* Frameworks */,
				58C473362A109F0C009D87BC /* Resources */,
				587BDC392A1A7934001464E4 /* Embed Foundation Extensions */,
				58CK00042B5E1A2100000003 /* Remove Keyboard Extension for Mac Catalyst */,
			);
			buildRules = (
			);
			dependencies = (
				587BDC512A1D0D40001464E4 /* PBXTargetDependency */,
				587384972F2E7AD50042ECA4 /* PBXTargetDependency */,
			);
			name = ClipKeyboard;
			productName = ClipKeyboard;
			productReference = 58C473382A109F0D009D87BC /* ClipKeyboard.app */;
			productType = "com.apple.product-type.application";
		};
		58FBB9092ED9AD0B004231BE /* ClipKeyboard.tap */ = {
			isa = PBXNativeTarget;
			buildConfigurationList = 58FBB9142ED9AD0C004231BE /* Build configuration list for PBXNativeTarget "ClipKeyboard.tap" */;
			buildPhases = (
				58FBB9062ED9AD0B004231BE /* Sources */,
				58FBB9072ED9AD0B004231BE /* Frameworks */,
				58FBB9082ED9AD0B004231BE /* Resources */,
			);
			buildRules = (
			);
			dependencies = (
			);
			fileSystemSynchronizedGroups = (
				58FBB90B2ED9AD0B004231BE /* ClipKeyboard.tap */,
			);
			name = ClipKeyboard.tap;
			productName = ClipKeyboard.tap;
			productReference = 58FBB90A2ED9AD0B004231BE /* ClipKeyboard.tap.app */;
			productType = "com.apple.product-type.application";
		};
		9CA0A4022F19D9B3004ABF40 /* ClipKeyboardTests */ = {
			isa = PBXNativeTarget;
			buildConfigurationList = 9CA0A4092F19D9B3004ABF40 /* Build configuration list for PBXNativeTarget "ClipKeyboardTests" */;
			buildPhases = (
				9CA0A3FF2F19D9B3004ABF40 /* Sources */,
				9CA0A4002F19D9B3004ABF40 /* Frameworks */,
				9CA0A4012F19D9B3004ABF40 /* Resources */,
			);
			buildRules = (
			);
			dependencies = (
				9CA0A4082F19D9B3004ABF40 /* PBXTargetDependency */,
			);
			fileSystemSynchronizedGroups = (
				9CA0A4042F19D9B3004ABF40 /* ClipKeyboardTests */,
			);
			name = ClipKeyboardTests;
			productName = ClipKeyboardTests;
			productReference = 9CA0A4032F19D9B3004ABF40 /* ClipKeyboardTests.xctest */;
			productType = "com.apple.product-type.bundle.unit-test";
		};
/* End PBXNativeTarget section */

/* Begin PBXProject section */
		58C473302A109F0C009D87BC /* Project object */ = {
			isa = PBXProject;
			attributes = {
				BuildIndependentTargetsInParallel = 1;
				LastSwiftUpdateCheck = 2600;
				LastUpgradeCheck = 2630;
				TargetAttributes = {
					587384812F2E7AD40042ECA4 = {
						CreatedOnToolsVersion = 26.0;
					};
					587BDC4A2A1D0D40001464E4 = {
						CreatedOnToolsVersion = 14.3;
					};
					58C473372A109F0C009D87BC = {
						CreatedOnToolsVersion = 14.3;
					};
					58FBB9092ED9AD0B004231BE = {
						CreatedOnToolsVersion = 26.0;
					};
					9CA0A4022F19D9B3004ABF40 = {
						CreatedOnToolsVersion = 26.2;
						LastSwiftMigration = 2620;
						TestTargetID = 58C473372A109F0C009D87BC;
					};
				};
			};
			buildConfigurationList = 58C473332A109F0C009D87BC /* Build configuration list for PBXProject "ClipKeyboard" */;
			compatibilityVersion = "Xcode 14.0";
			developmentRegion = en;
			hasScannedForEncodings = 0;
			knownRegions = (
				en,
				Base,
				ko,
				id,
			);
			mainGroup = 58C4732F2A109F0C009D87BC;
			packageReferences = (
				58CC36AA2F9E6A880010DE3E /* XCRemoteSwiftPackageReference "firebase-ios-sdk" */,
			);
			productRefGroup = 58C473392A109F0D009D87BC /* Products */;
			projectDirPath = "";
			projectRoot = "";
			targets = (
				58C473372A109F0C009D87BC /* ClipKeyboard */,
				587BDC4A2A1D0D40001464E4 /* ClipKeyboardExtension */,
				587384812F2E7AD40042ECA4 /* widgetExtension */,
				58FBB9092ED9AD0B004231BE /* ClipKeyboard.tap */,
				9CA0A4022F19D9B3004ABF40 /* ClipKeyboardTests */,
			);
		};
/* End PBXProject section */

/* Begin PBXResourcesBuildPhase section */
		587384802F2E7AD40042ECA4 /* Resources */ = {
			isa = PBXResourcesBuildPhase;
			buildActionMask = 2147483647;
			files = (
			);
			runOnlyForDeploymentPostprocessing = 0;
		};
		587BDC492A1D0D40001464E4 /* Resources */ = {
			isa = PBXResourcesBuildPhase;
			buildActionMask = 2147483647;
			files = (
				58338FD62AD1A574002DC753 /* Assets.xcassets in Resources */,
				581550612AD52D6800A6115C /* Localizable.xcstrings in Resources */,
				INFOPLISTBF2 /* InfoPlist.strings in Resources */,
				58A7F1D62F9E52B300636B7B /* GoogleService-Info.plist in Resources */,
			);
			runOnlyForDeploymentPostprocessing = 0;
		};
		58C473362A109F0C009D87BC /* Resources */ = {
			isa = PBXResourcesBuildPhase;
			buildActionMask = 2147483647;
			files = (
				58C473432A109F0E009D87BC /* Preview Assets.xcassets in Resources */,
				58C473402A109F0E009D87BC /* Assets.xcassets in Resources */,
				581550602AD52D6800A6115B /* Localizable.xcstrings in Resources */,
				INFOPLISTBF1 /* InfoPlist.strings in Resources */,
				58A7F1D52F9E52B300636B7B /* GoogleService-Info.plist in Resources */,
			);
			runOnlyForDeploymentPostprocessing = 0;
		};
		58FBB9082ED9AD0B004231BE /* Resources */ = {
			isa = PBXResourcesBuildPhase;
			buildActionMask = 2147483647;
			files = (
			);
			runOnlyForDeploymentPostprocessing = 0;
		};
		9CA0A4012F19D9B3004ABF40 /* Resources */ = {
			isa = PBXResourcesBuildPhase;
			buildActionMask = 2147483647;
			files = (
			);
			runOnlyForDeploymentPostprocessing = 0;
		};
/* End PBXResourcesBuildPhase section */

/* Begin PBXShellScriptBuildPhase section */
		58CK00042B5E1A2100000003 /* Remove Keyboard Extension for Mac Catalyst */ = {
			isa = PBXShellScriptBuildPhase;
			alwaysOutOfDate = 1;
			buildActionMask = 2147483647;
			files = (
			);
			inputFileListPaths = (
			);
			inputPaths = (
			);
			name = "Remove Keyboard Extension for Mac Catalyst";
			outputFileListPaths = (
			);
			outputPaths = (
			);
			runOnlyForDeploymentPostprocessing = 0;
			shellPath = /bin/sh;
			shellScript = "# Remove keyboard extension when building for Mac Catalyst\nif [ \"$SDKROOT\" == *\"MacOSX\"* ] || [ \"$EFFECTIVE_PLATFORM_NAME\" == \"-maccatalyst\" ]; then\n    echo \"Building for Mac Catalyst - removing keyboard extension\"\n    rm -rf \"${BUILT_PRODUCTS_DIR}/${WRAPPER_NAME}/Contents/PlugIns/ClipKeyboardExtension.appex\"\nfi\n";
		};
/* End PBXShellScriptBuildPhase section */

/* Begin PBXSourcesBuildPhase section */
		5873847E2F2E7AD40042ECA4 /* Sources */ = {
			isa = PBXSourcesBuildPhase;
			buildActionMask = 2147483647;
			files = (
			);
			runOnlyForDeploymentPostprocessing = 0;
		};
		587BDC472A1D0D40001464E4 /* Sources */ = {
			isa = PBXSourcesBuildPhase;
			buildActionMask = 2147483647;
			files = (
				587BDC592A1FC8BB001464E4 /* Memo.swift in Sources */,
				587BDC4E2A1D0D40001464E4 /* KeyboardViewController.swift in Sources */,
				587B7CE22A264F6400455338 /* CollectionViewCell.swift in Sources */,
				587BDC582A1FC852001464E4 /* MemoStore.swift in Sources */,
				581550642AD5321F00A6115B /* Constants.swift in Sources */,
				585FE9772ACC62A5003A7FF9 /* KeyboardView.swift in Sources */,
				AA00001000000001F3B00004 /* HangulComposer.swift in Sources */,
				29BE4575384D68C69FCFB9A1 /* KeyboardBeacon.swift in Sources */,
				0A839CB4770AA10B52CBAA72 /* KeyboardDocumentState.swift in Sources */,
				AA00001400000001F3B00005 /* CheonjiinInput.swift in Sources */,
				AA00001200000001F3B00004 /* TypingKeyboardView.swift in Sources */,
				44AF574FA8316546FCD9F690 /* ComboKeyboardView.swift in Sources */,
				A167A2509A17EB507E7F67B3 /* ComboExecutionService.swift in Sources */,
				581D8A972F49B4DD00F2F032 /* ProFeatureManager.swift in Sources */,
				58PS00032B5E1A2100000003 /* ProStatusManager.swift in Sources */,
				581D8A982F49B4DD00F2F032 /* StoreManager.swift in Sources */,
				58SV00032F9A1B0100000003 /* ClipboardClassificationService.swift in Sources */,
				AA00000700000001F3B00003 /* AppTheme.swift in Sources */,
				AA00000800000001F3B00003 /* ColorExtension.swift in Sources */,
				58TV00032F0000000000000003 /* TemplateVariableProcessor.swift in Sources */,
				AA00001800000001F3B00007 /* AnalyticsService.swift in Sources */,
			);
			runOnlyForDeploymentPostprocessing = 0;
		};
		58C473342A109F0C009D87BC /* Sources */ = {
			isa = PBXSourcesBuildPhase;
			buildActionMask = 2147483647;
			files = (
				58C4733C2A109F0D009D87BC /* ClipKeyboardApp.swift in Sources */,
				AA00001600000001F3B00006 /* AnalyticsService.swift in Sources */,
				098CCF4F4398A71308DC9B95 /* CategoryStore.swift in Sources */,
				9C994B082EEAA87600FBC8F6 /* TemplateEditSheet.swift in Sources */,
				580B0D692A30C45E00C7B586 /* FontSetting.swift in Sources */,
				58C7ACB52A2CF1A3003F791F /* SettingView.swift in Sources */,
				AA00000500000001F3B00002 /* UsageGuideView.swift in Sources */,
				58MA00012F0000000000000001 /* MacAppIntroView.swift in Sources */,
				58TP00012F0000000000000001 /* ThemePickerView.swift in Sources */,
				58KS00012B6F1B3200000001 /* KeyboardSetupOnboardingView.swift in Sources */,
				58F8FBC12A13C9A400F5446E /* MemoStore.swift in Sources */,
				58SV00042F9A1B0100000004 /* ClipboardClassificationService.swift in Sources */,
				58SV00052F9A1B0100000005 /* OCRService.swift in Sources */,
				587381EE2F2A66120042ECA4 /* KeyboardLayoutSettings.swift in Sources */,
				B563C16987407051299C9A64 /* SecurePINSettings.swift in Sources */,
				61864F395C2773BF9C2498DF /* CategorySettings.swift in Sources */,
				9C994B032EEAA81500FBC8F6 /* MemoRowView.swift in Sources */,
				5802F4102A2B3C91002825D6 /* ClipboardList.swift in Sources */,
				5802F4132A2B8E08002825D6 /* ClipboardCaptureCard.swift in Sources */,
				581550632AD5321F00A6115B /* Constants.swift in Sources */,
				58C473692A10C9A0009D87BC /* ClipKeyboardList.swift in Sources */,
				58F8FBBD2A127B3000F5446E /* MemoAdd.swift in Sources */,
				0D09EE54F35B63F09270E522 /* BulkImportView.swift in Sources */,
				581D8A9A2F49B4E900F2F032 /* PaywallView.swift in Sources */,
				58PS00022B5E1A2100000002 /* ProStatusManager.swift in Sources */,
				58D9D52E2A3B23900086BE1A /* DataManager.swift in Sources */,
				58F8FBBF2A127D3C00F5446E /* Memo.swift in Sources */,
				58AA11112B4D1A2100000004 /* ThemeSettings.swift in Sources */,
				58AA11112B4D1A2100000006 /* ColorExtension.swift in Sources */,
				58MP00012F0000000000000001 /* MemoPreviewFormatter.swift in Sources */,
				58TV00012F0000000000000001 /* TemplateVariableProcessor.swift in Sources */,
				58DS00012F0000000000000001 /* AppTheme.swift in Sources */,
				58DS00032F0000000000000003 /* AppThemePreference.swift in Sources */,
				58DS00052F0000000000000005 /* CatIcon.swift in Sources */,
				58DS00072F0000000000000007 /* ClipChip.swift in Sources */,
				58DS00092F0000000000000009 /* ClipFAB.swift in Sources */,
				58DS000B2F000000000000000B /* ClipIconButton.swift in Sources */,
				58DS000D2F000000000000000D /* ClipSearchField.swift in Sources */,
				58DS000F2F000000000000000F /* ClipSectionHeader.swift in Sources */,
				58DS00132F0000000000000013 /* TagBadge.swift in Sources */,
				58CK00012B5E1A2100000001 /* CloudKitBackupService.swift in Sources */,
				58CK00032B5E1A2100000002 /* CloudBackupView.swift in Sources */,
				58CK00052B5E1A2100000004 /* NotificationExtension.swift in Sources */,
				58CK00072B5E1A2100000005 /* MenuBarManager.swift in Sources */,
				58CK00092B5E1A2100000006 /* GlobalHotkeyManager.swift in Sources */,
				1C7C6CDBD08940B2BC4EED19 /* ComboList.swift in Sources */,
				587382A42F2B7EBD0042ECA4 /* ReviewManager.swift in Sources */,
				587382B12F3B8AAD0042ECA4 /* FavoriteNudgeManager.swift in Sources */,
				AA00000200000001F3B00001 /* ReviewRequestView.swift in Sources */,
				AA00000400000001F3B00001 /* ReviewBannerView.swift in Sources */,
				58GB00012F0000000000000001 /* GraceQuotaBannerView.swift in Sources */,
				9C994B0A2EEAA8BF00FBC8F6 /* PlaceholderSelectorView.swift in Sources */,
				581D8A952F49B4DD00F2F032 /* ProFeatureManager.swift in Sources */,
				581D8A962F49B4DD00F2F032 /* StoreManager.swift in Sources */,
				256F32EF1054402BBEBAA072 /* ComboExecutionService.swift in Sources */,
				72CAAA55032A5A2612281DD1 /* ComboItemPickerView.swift in Sources */,
				DD2399E0334C5A8778EB9E46 /* ComboTemplateInputView.swift in Sources */,
				D879B4601DD1A12745791C7A /* ComboEditSheet.swift in Sources */,
				1752832F621F4C72961F0FA1 /* AppGroupStorage.swift in Sources */,
				82DB8CDD2D0F443CAE408631 /* MemoRepositoryProtocol.swift in Sources */,
				34094107944543AB9AC89679 /* ClipboardRepositoryProtocol.swift in Sources */,
				5EB5872F8FEC49A1BAF729E4 /* ComboRepositoryProtocol.swift in Sources */,
				11527193B51F40B39A530C1D /* MemoRepository.swift in Sources */,
				09D1AD9E9E974EE99832C4D0 /* ClipboardRepository.swift in Sources */,
				A2BA33458AA645918E1CDF85 /* ComboRepository.swift in Sources */,
				8359E806AD334EBE9AD02EED /* ClassifyClipboardUseCase.swift in Sources */,
				71169FEF7AFE438A9D148359 /* SaveMemoUseCase.swift in Sources */,
				DA76D71209A54B77AB57B638 /* MemoAddViewModel.swift in Sources */,
				0BCBD63182E44529B6F7ACC9 /* AppDependencies.swift in Sources */,
				B3C4D5E6F7A8B9C0D1E2F302 /* ClipKeyboardListViewModel.swift in Sources */,
				FA000002000000000000BBB1 /* NavigationThemeModifier.swift in Sources */,
			);
			runOnlyForDeploymentPostprocessing = 0;
		};
		58FBB9062ED9AD0B004231BE /* Sources */ = {
			isa = PBXSourcesBuildPhase;
			buildActionMask = 2147483647;
			files = (
			);
			runOnlyForDeploymentPostprocessing = 0;
		};
		9CA0A3FF2F19D9B3004ABF40 /* Sources */ = {
			isa = PBXSourcesBuildPhase;
			buildActionMask = 2147483647;
			files = (
			);
			runOnlyForDeploymentPostprocessing = 0;
		};
/* End PBXSourcesBuildPhase section */

/* Begin PBXTargetDependency section */
		587384972F2E7AD50042ECA4 /* PBXTargetDependency */ = {
			isa = PBXTargetDependency;
			target = 587384812F2E7AD40042ECA4 /* widgetExtension */;
			targetProxy = 587384962F2E7AD50042ECA4 /* PBXContainerItemProxy */;
		};
		587BDC512A1D0D40001464E4 /* PBXTargetDependency */ = {
			isa = PBXTargetDependency;
			target = 587BDC4A2A1D0D40001464E4 /* ClipKeyboardExtension */;
			targetProxy = 587BDC502A1D0D40001464E4 /* PBXContainerItemProxy */;
		};
		9CA0A4082F19D9B3004ABF40 /* PBXTargetDependency */ = {
			isa = PBXTargetDependency;
			target = 58C473372A109F0C009D87BC /* ClipKeyboard */;
			targetProxy = 9CA0A4072F19D9B3004ABF40 /* PBXContainerItemProxy */;
		};
/* End PBXTargetDependency section */

/* Begin PBXVariantGroup section */
		INFOPLISTVG1 /* InfoPlist.strings */ = {
			isa = PBXVariantGroup;
			children = (
				INFOPLIST001 /* ko */,
				INFOPLIST002 /* en */,
				INFOPLIST005 /* id */,
			);
			name = InfoPlist.strings;
			sourceTree = "<group>";
		};
		INFOPLISTVG2 /* InfoPlist.strings */ = {
			isa = PBXVariantGroup;
			children = (
				INFOPLIST003 /* ko */,
				INFOPLIST004 /* en */,
				INFOPLIST006 /* id */,
			);
			name = InfoPlist.strings;
			sourceTree = "<group>";
		};
/* End PBXVariantGroup section */

/* Begin XCBuildConfiguration section */
		587384992F2E7AD50042ECA4 /* Debug */ = {
			isa = XCBuildConfiguration;
			buildSettings = {
				ASSETCATALOG_COMPILER_GENERATE_SWIFT_ASSET_SYMBOL_EXTENSIONS = YES;
				ASSETCATALOG_COMPILER_GLOBAL_ACCENT_COLOR_NAME = AccentColor;
				ASSETCATALOG_COMPILER_WIDGET_BACKGROUND_COLOR_NAME = WidgetBackground;
				CODE_SIGN_ENTITLEMENTS = widget/widget.entitlements;
				CODE_SIGN_IDENTITY = "Apple Development";
				CODE_SIGN_STYLE = Automatic;
				CURRENT_PROJECT_VERSION = 1;
				DEVELOPMENT_TEAM = QGAQ3AY3R3;
				ENABLE_USER_SCRIPT_SANDBOXING = YES;
				GCC_C_LANGUAGE_STANDARD = gnu17;
				GENERATE_INFOPLIST_FILE = YES;
				INFOPLIST_FILE = widget/Info.plist;
				INFOPLIST_KEY_CFBundleDisplayName = ClipKeyboard;
				INFOPLIST_KEY_NSHumanReadableCopyright = "";
				IPHONEOS_DEPLOYMENT_TARGET = 17.0;
				LD_RUNPATH_SEARCH_PATHS = (
					"$(inherited)",
					"@executable_path/Frameworks",
					"@executable_path/../../Frameworks",
				);
				LOCALIZATION_PREFERS_STRING_CATALOGS = YES;
				MARKETING_VERSION = 4.0.5;
				PRODUCT_BUNDLE_IDENTIFIER = com.Ysoup.TokenMemo.widget;
				PRODUCT_NAME = "$(TARGET_NAME)";
				SKIP_INSTALL = YES;
				STRING_CATALOG_GENERATE_SYMBOLS = YES;
				SUPPORTED_PLATFORMS = "iphoneos iphonesimulator";
				SUPPORTS_MACCATALYST = NO;
				SWIFT_ACTIVE_COMPILATION_CONDITIONS = "DEBUG $(inherited)";
				SWIFT_APPROACHABLE_CONCURRENCY = YES;
				SWIFT_EMIT_LOC_STRINGS = YES;
				SWIFT_UPCOMING_FEATURE_MEMBER_IMPORT_VISIBILITY = YES;
				SWIFT_VERSION = 5.0;
				TARGETED_DEVICE_FAMILY = 1;
			};
			name = Debug;
		};
		5873849A2F2E7AD50042ECA4 /* Release */ = {
			isa = XCBuildConfiguration;
			buildSettings = {
				ASSETCATALOG_COMPILER_GENERATE_SWIFT_ASSET_SYMBOL_EXTENSIONS = YES;
				ASSETCATALOG_COMPILER_GLOBAL_ACCENT_COLOR_NAME = AccentColor;
				ASSETCATALOG_COMPILER_WIDGET_BACKGROUND_COLOR_NAME = WidgetBackground;
				CODE_SIGN_ENTITLEMENTS = widget/widget.entitlements;
				CODE_SIGN_IDENTITY = "Apple Development";
				CODE_SIGN_STYLE = Automatic;
				CURRENT_PROJECT_VERSION = 1;
				DEVELOPMENT_TEAM = QGAQ3AY3R3;
				ENABLE_USER_SCRIPT_SANDBOXING = YES;
				GCC_C_LANGUAGE_STANDARD = gnu17;
				GENERATE_INFOPLIST_FILE = YES;
				INFOPLIST_FILE = widget/Info.plist;
				INFOPLIST_KEY_CFBundleDisplayName = ClipKeyboard;
				INFOPLIST_KEY_NSHumanReadableCopyright = "";
				IPHONEOS_DEPLOYMENT_TARGET = 17.0;
				LD_RUNPATH_SEARCH_PATHS = (
					"$(inherited)",
					"@executable_path/Frameworks",
					"@executable_path/../../Frameworks",
				);
				LOCALIZATION_PREFERS_STRING_CATALOGS = YES;
				MARKETING_VERSION = 4.0.5;
				PRODUCT_BUNDLE_IDENTIFIER = com.Ysoup.TokenMemo.widget;
				PRODUCT_NAME = "$(TARGET_NAME)";
				SKIP_INSTALL = YES;
				STRING_CATALOG_GENERATE_SYMBOLS = YES;
				SUPPORTED_PLATFORMS = "iphoneos iphonesimulator";
				SUPPORTS_MACCATALYST = NO;
				SWIFT_APPROACHABLE_CONCURRENCY = YES;
				SWIFT_EMIT_LOC_STRINGS = YES;
				SWIFT_UPCOMING_FEATURE_MEMBER_IMPORT_VISIBILITY = YES;
				SWIFT_VERSION = 5.0;
				TARGETED_DEVICE_FAMILY = 1;
			};
			name = Release;
		};
		587BDC542A1D0D40001464E4 /* Debug */ = {
			isa = XCBuildConfiguration;
			buildSettings = {
				CODE_SIGN_ENTITLEMENTS = ClipKeyboardExtension/ClipKeyboardExtension.entitlements;
				CODE_SIGN_STYLE = Automatic;
				CURRENT_PROJECT_VERSION = 1;
				GENERATE_INFOPLIST_FILE = YES;
				INFOPLIST_FILE = ClipKeyboardExtension/Info.plist;
				INFOPLIST_KEY_CFBundleDisplayName = ClipKeyboard;
				INFOPLIST_KEY_NSHumanReadableCopyright = "";
				IPHONEOS_DEPLOYMENT_TARGET = 16.0;
				LD_RUNPATH_SEARCH_PATHS = (
					"$(inherited)",
					"@executable_path/Frameworks",
					"@executable_path/../../Frameworks",
				);
				MARKETING_VERSION = 4.0.5;
				PRODUCT_BUNDLE_IDENTIFIER = com.Ysoup.TokenMemo.ClipKeyboardExtension;
				PRODUCT_NAME = "$(TARGET_NAME)";
				SKIP_INSTALL = YES;
				SUPPORTED_PLATFORMS = "iphoneos iphonesimulator";
				SUPPORTS_MACCATALYST = NO;
				SWIFT_ACTIVE_COMPILATION_CONDITIONS = "$(inherited) KEYBOARD_EXTENSION";
				SWIFT_EMIT_LOC_STRINGS = YES;
				SWIFT_VERSION = 5.0;
				TARGETED_DEVICE_FAMILY = "1,2";
			};
			name = Debug;
		};
		587BDC552A1D0D40001464E4 /* Release */ = {
			isa = XCBuildConfiguration;
			buildSettings = {
				CODE_SIGN_ENTITLEMENTS = ClipKeyboardExtension/ClipKeyboardExtension.entitlements;
				CODE_SIGN_STYLE = Automatic;
				CURRENT_PROJECT_VERSION = 1;
				GENERATE_INFOPLIST_FILE = YES;
				INFOPLIST_FILE = ClipKeyboardExtension/Info.plist;
				INFOPLIST_KEY_CFBundleDisplayName = ClipKeyboard;
				INFOPLIST_KEY_NSHumanReadableCopyright = "";
				IPHONEOS_DEPLOYMENT_TARGET = 16.0;
				LD_RUNPATH_SEARCH_PATHS = (
					"$(inherited)",
					"@executable_path/Frameworks",
					"@executable_path/../../Frameworks",
				);
				MARKETING_VERSION = 4.0.5;
				PRODUCT_BUNDLE_IDENTIFIER = com.Ysoup.TokenMemo.ClipKeyboardExtension;
				PRODUCT_NAME = "$(TARGET_NAME)";
				SKIP_INSTALL = YES;
				SUPPORTED_PLATFORMS = "iphoneos iphonesimulator";
				SUPPORTS_MACCATALYST = NO;
				SWIFT_ACTIVE_COMPILATION_CONDITIONS = "$(inherited) KEYBOARD_EXTENSION";
				SWIFT_EMIT_LOC_STRINGS = YES;
				SWIFT_VERSION = 5.0;
				TARGETED_DEVICE_FAMILY = "1,2";
			};
			name = Release;
		};
		58C4735A2A109F0E009D87BC /* Debug */ = {
			isa = XCBuildConfiguration;
			baseConfigurationReference = 581D8BAD2F49EE2600F2F032 /* Version.xcconfig */;
			buildSettings = {
				ALWAYS_SEARCH_USER_PATHS = NO;
				ASSETCATALOG_COMPILER_GENERATE_SWIFT_ASSET_SYMBOL_EXTENSIONS = YES;
				CLANG_ANALYZER_LOCALIZABILITY_NONLOCALIZED = YES;
				CLANG_ANALYZER_NONNULL = YES;
				CLANG_ANALYZER_NUMBER_OBJECT_CONVERSION = YES_AGGRESSIVE;
				CLANG_CXX_LANGUAGE_STANDARD = "gnu++20";
				CLANG_ENABLE_MODULES = YES;
				CLANG_ENABLE_OBJC_ARC = YES;
				CLANG_ENABLE_OBJC_WEAK = YES;
				CLANG_WARN_BLOCK_CAPTURE_AUTORELEASING = YES;
				CLANG_WARN_BOOL_CONVERSION = YES;
				CLANG_WARN_COMMA = YES;
				CLANG_WARN_CONSTANT_CONVERSION = YES;
				CLANG_WARN_DEPRECATED_OBJC_IMPLEMENTATIONS = YES;
				CLANG_WARN_DIRECT_OBJC_ISA_USAGE = YES_ERROR;
				CLANG_WARN_DOCUMENTATION_COMMENTS = YES;
				CLANG_WARN_EMPTY_BODY = YES;
				CLANG_WARN_ENUM_CONVERSION = YES;
				CLANG_WARN_INFINITE_RECURSION = YES;
				CLANG_WARN_INT_CONVERSION = YES;
				CLANG_WARN_NON_LITERAL_NULL_CONVERSION = YES;
				CLANG_WARN_OBJC_IMPLICIT_RETAIN_SELF = YES;
				CLANG_WARN_OBJC_LITERAL_CONVERSION = YES;
				CLANG_WARN_OBJC_ROOT_CLASS = YES_ERROR;
				CLANG_WARN_QUOTED_INCLUDE_IN_FRAMEWORK_HEADER = YES;
				CLANG_WARN_RANGE_LOOP_ANALYSIS = YES;
				CLANG_WARN_STRICT_PROTOTYPES = YES;
				CLANG_WARN_SUSPICIOUS_MOVE = YES;
				CLANG_WARN_UNGUARDED_AVAILABILITY = YES_AGGRESSIVE;
				CLANG_WARN_UNREACHABLE_CODE = YES;
				CLANG_WARN__DUPLICATE_METHOD_MATCH = YES;
				COPY_PHASE_STRIP = NO;
				DEBUG_INFORMATION_FORMAT = dwarf;
				DEVELOPMENT_TEAM = QGAQ3AY3R3;
				ENABLE_STRICT_OBJC_MSGSEND = YES;
				ENABLE_TESTABILITY = YES;
				GCC_C_LANGUAGE_STANDARD = gnu11;
				GCC_DYNAMIC_NO_PIC = NO;
				GCC_NO_COMMON_BLOCKS = YES;
				GCC_OPTIMIZATION_LEVEL = 0;
				GCC_PREPROCESSOR_DEFINITIONS = (
					"DEBUG=1",
					"$(inherited)",
				);
				GCC_WARN_64_TO_32_BIT_CONVERSION = YES;
				GCC_WARN_ABOUT_RETURN_TYPE = YES_ERROR;
				GCC_WARN_UNDECLARED_SELECTOR = YES;
				GCC_WARN_UNINITIALIZED_AUTOS = YES_AGGRESSIVE;
				GCC_WARN_UNUSED_FUNCTION = YES;
				GCC_WARN_UNUSED_VARIABLE = YES;
				IPHONEOS_DEPLOYMENT_TARGET = 16.0;
				MARKETING_VERSION = "";
				MTL_ENABLE_DEBUG_INFO = INCLUDE_SOURCE;
				MTL_FAST_MATH = YES;
				ONLY_ACTIVE_ARCH = YES;
				SDKROOT = iphoneos;
				STRING_CATALOG_GENERATE_SYMBOLS = YES;
				SWIFT_ACTIVE_COMPILATION_CONDITIONS = DEBUG;
				SWIFT_EMIT_LOC_STRINGS = YES;
				SWIFT_OPTIMIZATION_LEVEL = "-Onone";
			};
			name = Debug;
		};
		58C4735B2A109F0E009D87BC /* Release */ = {
			isa = XCBuildConfiguration;
			baseConfigurationReference = 581D8BAD2F49EE2600F2F032 /* Version.xcconfig */;
			buildSettings = {
				ALWAYS_SEARCH_USER_PATHS = NO;
				ASSETCATALOG_COMPILER_GENERATE_SWIFT_ASSET_SYMBOL_EXTENSIONS = YES;
				CLANG_ANALYZER_LOCALIZABILITY_NONLOCALIZED = YES;
				CLANG_ANALYZER_NONNULL = YES;
				CLANG_ANALYZER_NUMBER_OBJECT_CONVERSION = YES_AGGRESSIVE;
				CLANG_CXX_LANGUAGE_STANDARD = "gnu++20";
				CLANG_ENABLE_MODULES = YES;
				CLANG_ENABLE_OBJC_ARC = YES;
				CLANG_ENABLE_OBJC_WEAK = YES;
				CLANG_WARN_BLOCK_CAPTURE_AUTORELEASING = YES;
				CLANG_WARN_BOOL_CONVERSION = YES;
				CLANG_WARN_COMMA = YES;
				CLANG_WARN_CONSTANT_CONVERSION = YES;
				CLANG_WARN_DEPRECATED_OBJC_IMPLEMENTATIONS = YES;
				CLANG_WARN_DIRECT_OBJC_ISA_USAGE = YES_ERROR;
				CLANG_WARN_DOCUMENTATION_COMMENTS = YES;
				CLANG_WARN_EMPTY_BODY = YES;
				CLANG_WARN_ENUM_CONVERSION = YES;
				CLANG_WARN_INFINITE_RECURSION = YES;
				CLANG_WARN_INT_CONVERSION = YES;
				CLANG_WARN_NON_LITERAL_NULL_CONVERSION = YES;
				CLANG_WARN_OBJC_IMPLICIT_RETAIN_SELF = YES;
				CLANG_WARN_OBJC_LITERAL_CONVERSION = YES;
				CLANG_WARN_OBJC_ROOT_CLASS = YES_ERROR;
				CLANG_WARN_QUOTED_INCLUDE_IN_FRAMEWORK_HEADER = YES;
				CLANG_WARN_RANGE_LOOP_ANALYSIS = YES;
				CLANG_WARN_STRICT_PROTOTYPES = YES;
				CLANG_WARN_SUSPICIOUS_MOVE = YES;
				CLANG_WARN_UNGUARDED_AVAILABILITY = YES_AGGRESSIVE;
				CLANG_WARN_UNREACHABLE_CODE = YES;
				CLANG_WARN__DUPLICATE_METHOD_MATCH = YES;
				COPY_PHASE_STRIP = NO;
				DEBUG_INFORMATION_FORMAT = "dwarf-with-dsym";
				DEVELOPMENT_TEAM = QGAQ3AY3R3;
				ENABLE_NS_ASSERTIONS = NO;
				ENABLE_STRICT_OBJC_MSGSEND = YES;
				GCC_C_LANGUAGE_STANDARD = gnu11;
				GCC_NO_COMMON_BLOCKS = YES;
				GCC_WARN_64_TO_32_BIT_CONVERSION = YES;
				GCC_WARN_ABOUT_RETURN_TYPE = YES_ERROR;
				GCC_WARN_UNDECLARED_SELECTOR = YES;
				GCC_WARN_UNINITIALIZED_AUTOS = YES_AGGRESSIVE;
				GCC_WARN_UNUSED_FUNCTION = YES;
				GCC_WARN_UNUSED_VARIABLE = YES;
				IPHONEOS_DEPLOYMENT_TARGET = 16.0;
				MARKETING_VERSION = "";
				MTL_ENABLE_DEBUG_INFO = NO;
				MTL_FAST_MATH = YES;
				SDKROOT = iphoneos;
				STRING_CATALOG_GENERATE_SYMBOLS = YES;
				SWIFT_COMPILATION_MODE = wholemodule;
				SWIFT_EMIT_LOC_STRINGS = YES;
				SWIFT_OPTIMIZATION_LEVEL = "-O";
				VALIDATE_PRODUCT = YES;
			};
			name = Release;
		};
		58C4735D2A109F0E009D87BC /* Debug */ = {
			isa = XCBuildConfiguration;
			buildSettings = {
				ASSETCATALOG_COMPILER_APPICON_NAME = AppIcon;
				ASSETCATALOG_COMPILER_GLOBAL_ACCENT_COLOR_NAME = AccentColor;
				CODE_SIGN_ENTITLEMENTS = ClipKeyboard/ClipKeyboard.entitlements;
				CODE_SIGN_IDENTITY = "Apple Development";
				CODE_SIGN_STYLE = Automatic;
				CURRENT_PROJECT_VERSION = 1;
				DEVELOPMENT_ASSET_PATHS = "\"ClipKeyboard/Preview Content\"";
				DEVELOPMENT_TEAM = QGAQ3AY3R3;
				ENABLE_PREVIEWS = YES;
				GENERATE_INFOPLIST_FILE = YES;
				INFOPLIST_FILE = "ClipKeyboard-Info.plist";
				INFOPLIST_KEY_CFBundleDisplayName = "클립키보드";
				INFOPLIST_KEY_LSApplicationCategoryType = "public.app-category.productivity";
				INFOPLIST_KEY_NSFaceIDUsageDescription = "보안 메모에 접근하기 위해 Face ID가 필요합니다.";
				INFOPLIST_KEY_UIApplicationSceneManifest_Generation = YES;
				INFOPLIST_KEY_UIApplicationSupportsIndirectInputEvents = YES;
				INFOPLIST_KEY_UILaunchScreen_Generation = YES;
				INFOPLIST_KEY_UISupportedInterfaceOrientations_iPad = "UIInterfaceOrientationPortrait UIInterfaceOrientationPortraitUpsideDown UIInterfaceOrientationLandscapeLeft UIInterfaceOrientationLandscapeRight";
				INFOPLIST_KEY_UISupportedInterfaceOrientations_iPhone = "UIInterfaceOrientationPortrait UIInterfaceOrientationLandscapeLeft UIInterfaceOrientationLandscapeRight";
				IPHONEOS_DEPLOYMENT_TARGET = 16.0;
				LD_RUNPATH_SEARCH_PATHS = (
					"$(inherited)",
					"@executable_path/Frameworks",
				);
				MARKETING_VERSION = 4.0.5;
				PRODUCT_BUNDLE_IDENTIFIER = com.Ysoup.TokenMemo;
				PRODUCT_NAME = "$(TARGET_NAME)";
				PROVISIONING_PROFILE_SPECIFIER = "";
				SUPPORTED_PLATFORMS = "iphoneos iphonesimulator";
				"SUPPORTED_PLATFORMS[sdk=macosx*]" = macosx;
				SUPPORTS_MACCATALYST = NO;
				SUPPORTS_MAC_DESIGNED_FOR_IPHONE_IPAD = NO;
				SUPPORTS_XR_DESIGNED_FOR_IPHONE_IPAD = NO;
				SWIFT_EMIT_LOC_STRINGS = YES;
				SWIFT_VERSION = 5.0;
				TARGETED_DEVICE_FAMILY = "1,2";
			};
			name = Debug;
		};
		58C4735E2A109F0E009D87BC /* Release */ = {
			isa = XCBuildConfiguration;
			buildSettings = {
				ASSETCATALOG_COMPILER_APPICON_NAME = AppIcon;
				ASSETCATALOG_COMPILER_GLOBAL_ACCENT_COLOR_NAME = AccentColor;
				CODE_SIGN_ENTITLEMENTS = ClipKeyboard/ClipKeyboard.entitlements;
				CODE_SIGN_IDENTITY = "Apple Development";
				CODE_SIGN_STYLE = Automatic;
				CURRENT_PROJECT_VERSION = 1;
				DEVELOPMENT_ASSET_PATHS = "\"ClipKeyboard/Preview Content\"";
				DEVELOPMENT_TEAM = QGAQ3AY3R3;
				ENABLE_PREVIEWS = YES;
				GENERATE_INFOPLIST_FILE = YES;
				INFOPLIST_FILE = "ClipKeyboard-Info.plist";
				INFOPLIST_KEY_CFBundleDisplayName = "클립키보드";
				INFOPLIST_KEY_LSApplicationCategoryType = "public.app-category.productivity";
				INFOPLIST_KEY_NSFaceIDUsageDescription = "보안 메모에 접근하기 위해 Face ID가 필요합니다.";
				INFOPLIST_KEY_UIApplicationSceneManifest_Generation = YES;
				INFOPLIST_KEY_UIApplicationSupportsIndirectInputEvents = YES;
				INFOPLIST_KEY_UILaunchScreen_Generation = YES;
				INFOPLIST_KEY_UISupportedInterfaceOrientations_iPad = "UIInterfaceOrientationPortrait UIInterfaceOrientationPortraitUpsideDown UIInterfaceOrientationLandscapeLeft UIInterfaceOrientationLandscapeRight";
				INFOPLIST_KEY_UISupportedInterfaceOrientations_iPhone = "UIInterfaceOrientationPortrait UIInterfaceOrientationLandscapeLeft UIInterfaceOrientationLandscapeRight";
				IPHONEOS_DEPLOYMENT_TARGET = 16.0;
				LD_RUNPATH_SEARCH_PATHS = (
					"$(inherited)",
					"@executable_path/Frameworks",
				);
				MARKETING_VERSION = 4.0.5;
				PRODUCT_BUNDLE_IDENTIFIER = com.Ysoup.TokenMemo;
				PRODUCT_NAME = "$(TARGET_NAME)";
				PROVISIONING_PROFILE_SPECIFIER = "";
				SUPPORTED_PLATFORMS = "iphoneos iphonesimulator";
				SUPPORTS_MACCATALYST = NO;
				SUPPORTS_MAC_DESIGNED_FOR_IPHONE_IPAD = NO;
				SUPPORTS_XR_DESIGNED_FOR_IPHONE_IPAD = NO;
				SWIFT_EMIT_LOC_STRINGS = YES;
				SWIFT_VERSION = 5.0;
				TARGETED_DEVICE_FAMILY = "1,2";
			};
			name = Release;
		};
		58FBB9122ED9AD0C004231BE /* Debug */ = {
			isa = XCBuildConfiguration;
			buildSettings = {
				ASSETCATALOG_COMPILER_APPICON_NAME = AppIcon;
				ASSETCATALOG_COMPILER_GENERATE_SWIFT_ASSET_SYMBOL_EXTENSIONS = YES;
				ASSETCATALOG_COMPILER_GLOBAL_ACCENT_COLOR_NAME = AccentColor;
				CODE_SIGN_ENTITLEMENTS = ClipKeyboard.tap/ClipKeyboard.tap.entitlements;
				CODE_SIGN_IDENTITY = "Apple Development";
				CODE_SIGN_STYLE = Automatic;
				COMBINE_HIDPI_IMAGES = YES;
				CURRENT_PROJECT_VERSION = 1;
				DEAD_CODE_STRIPPING = YES;
				ENABLE_APP_SANDBOX = YES;
				ENABLE_HARDENED_RUNTIME = YES;
				ENABLE_PREVIEWS = YES;
				ENABLE_USER_SCRIPT_SANDBOXING = YES;
				ENABLE_USER_SELECTED_FILES = readonly;
				GCC_C_LANGUAGE_STANDARD = gnu17;
				GENERATE_INFOPLIST_FILE = YES;
				INFOPLIST_KEY_CFBundleDisplayName = "클립키보드";
				INFOPLIST_KEY_LSApplicationCategoryType = "public.app-category.utilities";
				INFOPLIST_KEY_NSHumanReadableCopyright = "";
				LD_RUNPATH_SEARCH_PATHS = (
					"$(inherited)",
					"@executable_path/../Frameworks",
				);
				LOCALIZATION_PREFERS_STRING_CATALOGS = YES;
				MACOSX_DEPLOYMENT_TARGET = 26.0;
				MARKETING_VERSION = 4.0.5;
				PRODUCT_BUNDLE_IDENTIFIER = "com.ysoup.TokenMemo-tap";
				PRODUCT_NAME = "$(TARGET_NAME)";
				PROVISIONING_PROFILE_SPECIFIER = "";
				REGISTER_APP_GROUPS = YES;
				SDKROOT = macosx;
				STRING_CATALOG_GENERATE_SYMBOLS = YES;
				SWIFT_ACTIVE_COMPILATION_CONDITIONS = "DEBUG $(inherited)";
				SWIFT_APPROACHABLE_CONCURRENCY = YES;
				SWIFT_DEFAULT_ACTOR_ISOLATION = MainActor;
				SWIFT_EMIT_LOC_STRINGS = YES;
				SWIFT_UPCOMING_FEATURE_MEMBER_IMPORT_VISIBILITY = YES;
				SWIFT_VERSION = 5.0;
			};
			name = Debug;
		};
		58FBB9132ED9AD0C004231BE /* Release */ = {
			isa = XCBuildConfiguration;
			buildSettings = {
				ASSETCATALOG_COMPILER_APPICON_NAME = AppIcon;
				ASSETCATALOG_COMPILER_GENERATE_SWIFT_ASSET_SYMBOL_EXTENSIONS = YES;
				ASSETCATALOG_COMPILER_GLOBAL_ACCENT_COLOR_NAME = AccentColor;
				CODE_SIGN_ENTITLEMENTS = ClipKeyboard.tap/ClipKeyboard.tap.entitlements;
				CODE_SIGN_IDENTITY = "Apple Development";
				CODE_SIGN_STYLE = Automatic;
				COMBINE_HIDPI_IMAGES = YES;
				CURRENT_PROJECT_VERSION = 1;
				DEAD_CODE_STRIPPING = YES;
				ENABLE_APP_SANDBOX = YES;
				ENABLE_HARDENED_RUNTIME = YES;
				ENABLE_PREVIEWS = YES;
				ENABLE_USER_SCRIPT_SANDBOXING = YES;
				ENABLE_USER_SELECTED_FILES = readonly;
				GCC_C_LANGUAGE_STANDARD = gnu17;
				GENERATE_INFOPLIST_FILE = YES;
				INFOPLIST_KEY_CFBundleDisplayName = "클립키보드";
				INFOPLIST_KEY_LSApplicationCategoryType = "public.app-category.utilities";
				INFOPLIST_KEY_NSHumanReadableCopyright = "";
				LD_RUNPATH_SEARCH_PATHS = (
					"$(inherited)",
					"@executable_path/../Frameworks",
				);
				LOCALIZATION_PREFERS_STRING_CATALOGS = YES;
				MACOSX_DEPLOYMENT_TARGET = 26.0;
				MARKETING_VERSION = 4.0.5;
				PRODUCT_BUNDLE_IDENTIFIER = "com.ysoup.TokenMemo-tap";
				PRODUCT_NAME = "$(TARGET_NAME)";
				PROVISIONING_PROFILE_SPECIFIER = "";
				REGISTER_APP_GROUPS = YES;
				SDKROOT = macosx;
				STRING_CATALOG_GENERATE_SYMBOLS = YES;
				SWIFT_APPROACHABLE_CONCURRENCY = YES;
				SWIFT_DEFAULT_ACTOR_ISOLATION = MainActor;
				SWIFT_EMIT_LOC_STRINGS = YES;
				SWIFT_UPCOMING_FEATURE_MEMBER_IMPORT_VISIBILITY = YES;
				SWIFT_VERSION = 5.0;
			};
			name = Release;
		};
		9CA0A40A2F19D9B3004ABF40 /* Debug */ = {
			isa = XCBuildConfiguration;
			buildSettings = {
				ASSETCATALOG_COMPILER_GENERATE_SWIFT_ASSET_SYMBOL_EXTENSIONS = YES;
				BUNDLE_LOADER = "$(TEST_HOST)";
				CLANG_ENABLE_MODULES = YES;
				CODE_SIGN_STYLE = Automatic;
				CURRENT_PROJECT_VERSION = 1;
				DEVELOPMENT_TEAM = QGAQ3AY3R3;
				ENABLE_USER_SCRIPT_SANDBOXING = YES;
				GCC_C_LANGUAGE_STANDARD = gnu17;
				GENERATE_INFOPLIST_FILE = YES;
				IPHONEOS_DEPLOYMENT_TARGET = 17.4;
				LOCALIZATION_PREFERS_STRING_CATALOGS = YES;
				MARKETING_VERSION = 4.0.5;
				PRODUCT_BUNDLE_IDENTIFIER = com.ysoup.ClipKeyboardTests;
				PRODUCT_NAME = "$(TARGET_NAME)";
				STRING_CATALOG_GENERATE_SYMBOLS = NO;
				SWIFT_ACTIVE_COMPILATION_CONDITIONS = "DEBUG $(inherited)";
				SWIFT_APPROACHABLE_CONCURRENCY = YES;
				SWIFT_EMIT_LOC_STRINGS = NO;
				SWIFT_OBJC_BRIDGING_HEADER = "ClipKeyboardTests/ClipKeyboardTests-Bridging-Header.h";
				SWIFT_OPTIMIZATION_LEVEL = "-Onone";
				SWIFT_UPCOMING_FEATURE_MEMBER_IMPORT_VISIBILITY = YES;
				SWIFT_VERSION = 5.0;
				TARGETED_DEVICE_FAMILY = "1,2";
				TEST_HOST = "$(BUILT_PRODUCTS_DIR)/ClipKeyboard.app/$(BUNDLE_EXECUTABLE_FOLDER_PATH)/ClipKeyboard";
			};
			name = Debug;
		};
		9CA0A40B2F19D9B3004ABF40 /* Release */ = {
			isa = XCBuildConfiguration;
			buildSettings = {
				ASSETCATALOG_COMPILER_GENERATE_SWIFT_ASSET_SYMBOL_EXTENSIONS = YES;
				BUNDLE_LOADER = "$(TEST_HOST)";
				CLANG_ENABLE_MODULES = YES;
				CODE_SIGN_STYLE = Automatic;
				CURRENT_PROJECT_VERSION = 1;
				DEVELOPMENT_TEAM = QGAQ3AY3R3;
				ENABLE_USER_SCRIPT_SANDBOXING = YES;
				GCC_C_LANGUAGE_STANDARD = gnu17;
				GENERATE_INFOPLIST_FILE = YES;
				IPHONEOS_DEPLOYMENT_TARGET = 17.4;
				LOCALIZATION_PREFERS_STRING_CATALOGS = YES;
				MARKETING_VERSION = 4.0.5;
				PRODUCT_BUNDLE_IDENTIFIER = com.ysoup.ClipKeyboardTests;
				PRODUCT_NAME = "$(TARGET_NAME)";
				STRING_CATALOG_GENERATE_SYMBOLS = NO;
				SWIFT_APPROACHABLE_CONCURRENCY = YES;
				SWIFT_EMIT_LOC_STRINGS = NO;
				SWIFT_OBJC_BRIDGING_HEADER = "ClipKeyboardTests/ClipKeyboardTests-Bridging-Header.h";
				SWIFT_UPCOMING_FEATURE_MEMBER_IMPORT_VISIBILITY = YES;
				SWIFT_VERSION = 5.0;
				TARGETED_DEVICE_FAMILY = "1,2";
				TEST_HOST = "$(BUILT_PRODUCTS_DIR)/ClipKeyboard.app/$(BUNDLE_EXECUTABLE_FOLDER_PATH)/ClipKeyboard";
			};
			name = Release;
		};
/* End XCBuildConfiguration section */

/* Begin XCConfigurationList section */
		5873849C2F2E7AD50042ECA4 /* Build configuration list for PBXNativeTarget "widgetExtension" */ = {
			isa = XCConfigurationList;
			buildConfigurations = (
				587384992F2E7AD50042ECA4 /* Debug */,
				5873849A2F2E7AD50042ECA4 /* Release */,
			);
			defaultConfigurationIsVisible = 0;
			defaultConfigurationName = Release;
		};
		587BDC532A1D0D40001464E4 /* Build configuration list for PBXNativeTarget "ClipKeyboardExtension" */ = {
			isa = XCConfigurationList;
			buildConfigurations = (
				587BDC542A1D0D40001464E4 /* Debug */,
				587BDC552A1D0D40001464E4 /* Release */,
			);
			defaultConfigurationIsVisible = 0;
			defaultConfigurationName = Release;
		};
		58C473332A109F0C009D87BC /* Build configuration list for PBXProject "ClipKeyboard" */ = {
			isa = XCConfigurationList;
			buildConfigurations = (
				58C4735A2A109F0E009D87BC /* Debug */,
				58C4735B2A109F0E009D87BC /* Release */,
			);
			defaultConfigurationIsVisible = 0;
			defaultConfigurationName = Release;
		};
		58C4735C2A109F0E009D87BC /* Build configuration list for PBXNativeTarget "ClipKeyboard" */ = {
			isa = XCConfigurationList;
			buildConfigurations = (
				58C4735D2A109F0E009D87BC /* Debug */,
				58C4735E2A109F0E009D87BC /* Release */,
			);
			defaultConfigurationIsVisible = 0;
			defaultConfigurationName = Release;
		};
		58FBB9142ED9AD0C004231BE /* Build configuration list for PBXNativeTarget "ClipKeyboard.tap" */ = {
			isa = XCConfigurationList;
			buildConfigurations = (
				58FBB9122ED9AD0C004231BE /* Debug */,
				58FBB9132ED9AD0C004231BE /* Release */,
			);
			defaultConfigurationIsVisible = 0;
			defaultConfigurationName = Release;
		};
		9CA0A4092F19D9B3004ABF40 /* Build configuration list for PBXNativeTarget "ClipKeyboardTests" */ = {
			isa = XCConfigurationList;
			buildConfigurations = (
				9CA0A40A2F19D9B3004ABF40 /* Debug */,
				9CA0A40B2F19D9B3004ABF40 /* Release */,
			);
			defaultConfigurationIsVisible = 0;
			defaultConfigurationName = Release;
		};
/* End XCConfigurationList section */

/* Begin XCRemoteSwiftPackageReference section */
		58CC36AA2F9E6A880010DE3E /* XCRemoteSwiftPackageReference "firebase-ios-sdk" */ = {
			isa = XCRemoteSwiftPackageReference;
			repositoryURL = "https://github.com/firebase/firebase-ios-sdk.git";
			requirement = {
				kind = upToNextMajorVersion;
				minimumVersion = 12.12.1;
			};
		};
/* End XCRemoteSwiftPackageReference section */

/* Begin XCSwiftPackageProductDependency section */
		58CC36AB2F9E6A880010DE3E /* FirebaseAnalytics */ = {
			isa = XCSwiftPackageProductDependency;
			package = 58CC36AA2F9E6A880010DE3E /* XCRemoteSwiftPackageReference "firebase-ios-sdk" */;
			productName = FirebaseAnalytics;
		};
		58CC36AD2F9E6A880010DE3E /* FirebaseAnalyticsCore */ = {
			isa = XCSwiftPackageProductDependency;
			package = 58CC36AA2F9E6A880010DE3E /* XCRemoteSwiftPackageReference "firebase-ios-sdk" */;
			productName = FirebaseAnalyticsCore;
		};
		58CC36AF2F9E6A880010DE3E /* FirebaseAnalyticsIdentitySupport */ = {
			isa = XCSwiftPackageProductDependency;
			package = 58CC36AA2F9E6A880010DE3E /* XCRemoteSwiftPackageReference "firebase-ios-sdk" */;
			productName = FirebaseAnalyticsIdentitySupport;
		};
		58CC36B12F9E6A880010DE3E /* FirebaseCore */ = {
			isa = XCSwiftPackageProductDependency;
			package = 58CC36AA2F9E6A880010DE3E /* XCRemoteSwiftPackageReference "firebase-ios-sdk" */;
			productName = FirebaseCore;
		};
/* End XCSwiftPackageProductDependency section */
	};
	rootObject = 58C473302A109F0C009D87BC /* Project object */;
}
