{
  "originHash" : "253b56452b90e991b161d96eeecf35f9ceca5ba40f2918dee672212aaa26897e",
  "pins" : [
    {
      "identity" : "leeokit",
      "kind" : "remoteSourceControl",
      "location" : "https://github.com/M1zz/LeeoKit.git",
      "state" : {
        "revision" : "9727ed76f1ccd89908c5ed41442080a9eb6d56e6",
        "version" : "3.3.0"
      }
    }
  ],
  "version" : 3
}
